Microsoft Visual Studio Solution File, Format Version 12.00
# Visual Studio Version 16
VisualStudioVersion = 16.0.29806.167
MinimumVisualStudioVersion = 10.0.40219.1
Project("{FAE04EC0-301F-11D3-BF4B-00C04F79EFBC}") = "Common", "Common\Common.csproj", "{CDACCA1B-403B-47F5-9F1B-E1A1AC4A7FE3}"
EndProject
Project("{FAE04EC0-301F-11D3-BF4B-00C04F79EFBC}") = "Data", "Data\Data.csproj", "{1DCDE042-2496-46AE-A0B9-CE9C994D92E2}"
EndProject
Project("{FAE04EC0-301F-11D3-BF4B-00C04F79EFBC}") = "WebControlLibrary", "WebControlLibrary\WebControlLibrary.csproj", "{8AFC2A73-7E28-43E0-975D-8176877CAEAE}"
EndProject
Project("{FAE04EC0-301F-11D3-BF4B-00C04F79EFBC}") = "Referential", "Referentiel\Referential.csproj", "{DAF178C7-EF30-49F9-BA73-14B2DCCBE3C2}"
EndProject
Project("{FAE04EC0-301F-11D3-BF4B-00C04F79EFBC}") = "ACommon", "ACommon\ACommon.csproj", "{9FF00E89-DA79-4F89-B3A6-9995F502F080}"
EndProject
Project("{FAE04EC0-301F-11D3-BF4B-00C04F79EFBC}") = "skmMenu", "Menu\skmMenu.csproj", "{C1892D55-7D2D-4E34-819E-7A70F5F2AA06}"
EndProject
Project("{FAE04EC0-301F-11D3-BF4B-00C04F79EFBC}") = "DPAPI", "DPAPI\DPAPI.csproj", "{9A89EEBE-C534-4B2E-AB72-AEDF28C16696}"
EndProject
Project("{FAE04EC0-301F-11D3-BF4B-00C04F79EFBC}") = "HierarchicalGrid", "HierarchicalGRid\HierarchicalGrid.csproj", "{9130E93C-2E84-49B8-8F69-67D4E0660D94}"
EndProject
Project("{FAE04EC0-301F-11D3-BF4B-00C04F79EFBC}") = "XMLCompare", "XMLCompare\XMLCompare.csproj", "{12866063-40CE-4DAB-AE70-38E554635F6F}"
EndProject
Project("{FAE04EC0-301F-11D3-BF4B-00C04F79EFBC}") = "EfsMLGUI", "FpMLGUI\EfsMLGUI.csproj", "{DE7F74E2-9431-44D4-8A38-3C0884D6719F}"
EndProject
Project("{FAE04EC0-301F-11D3-BF4B-00C04F79EFBC}") = "EfsML", "EfsML\EfsML.csproj", "{A7E609D0-E67C-4997-B798-8974716D413C}"
EndProject
Project("{FAE04EC0-301F-11D3-BF4B-00C04F79EFBC}") = "EFSInstall", "EFSInstall\EFSInstall.csproj", "{886F6F46-835F-4D1C-BDFD-D3B2CD8DBE6C}"
EndProject
Project("{FAE04EC0-301F-11D3-BF4B-00C04F79EFBC}") = "CommonWeb", "CommonWeb\CommonWeb.csproj", "{870A39EA-BDAA-43FE-81E5-8A8AB600E83C}"
EndProject
Project("{FAE04EC0-301F-11D3-BF4B-00C04F79EFBC}") = "DALOracle", "DALOracle\DALOracle.csproj", "{7BB59F8C-6339-4613-BAAA-06FA589483F4}"
EndProject
Project("{FAE04EC0-301F-11D3-BF4B-00C04F79EFBC}") = "DALSQLServer", "DALSqlServer\DALSQLServer.csproj", "{B41A7061-0283-43A6-8007-F1F350E1C869}"
EndProject
Project("{FAE04EC0-301F-11D3-BF4B-00C04F79EFBC}") = "Curve", "Curve\Curve.csproj", "{9C932059-CE2A-42B6-A9BF-6D4346350003}"
EndProject
Project("{FAE04EC0-301F-11D3-BF4B-00C04F79EFBC}") = "NumericalRecipes", "NumericalRecipes\NumericalRecipes.csproj", "{91EB66FE-7812-4F7A-8E41-5EB9C953F703}"
EndProject
Project("{FAE04EC0-301F-11D3-BF4B-00C04F79EFBC}") = "Enums", "EfsMLEnum\Enums.csproj", "{4117F946-D2FD-4EAB-A4A0-F3FB8B1732CC}"
EndProject
Project("{FAE04EC0-301F-11D3-BF4B-00C04F79EFBC}") = "CommonCaptureGen", "CommonCaptureGen\CommonCaptureGen.csproj", "{1E32262C-564A-4382-ACE7-22D47C934352}"
EndProject
Project("{FAE04EC0-301F-11D3-BF4B-00C04F79EFBC}") = "EventCaptureGen", "EventCaptureGen\EventCaptureGen.csproj", "{5CEA6481-0240-4328-B5C3-3DEBBEBD904D}"
EndProject
Project("{FAE04EC0-301F-11D3-BF4B-00C04F79EFBC}") = "TradeAdminCaptureGen", "TradeAdminCaptureGen\TradeAdminCaptureGen.csproj", "{F6932CC9-6190-4C5E-8788-1AC5C52564ED}"
EndProject
Project("{FAE04EC0-301F-11D3-BF4B-00C04F79EFBC}") = "TradeCaptureGen", "TradeCaptureGen\TradeCaptureGen.csproj", "{142B10A1-7781-4351-BACE-F6E773457D3F}"
EndProject
Project("{FAE04EC0-301F-11D3-BF4B-00C04F79EFBC}") = "FlyDocLibrary", "FlyDocLibrary\FlyDocLibrary.csproj", "{B0264DB6-64FA-4CCA-AC9A-C163AF677463}"
EndProject
Project("{FAE04EC0-301F-11D3-BF4B-00C04F79EFBC}") = "CommonData", "CommonData\CommonData.csproj", "{A0323250-116A-43EF-9E7D-F3218B6246B1}"
EndProject
Project("{FAE04EC0-301F-11D3-BF4B-00C04F79EFBC}") = "DALOleDb", "DALOleDb\DALOleDb.csproj", "{B68C8188-99D4-4600-92A2-3AA8302E87B8}"
EndProject
Project("{FAE04EC0-301F-11D3-BF4B-00C04F79EFBC}") = "FONet", "FONet\FONet.csproj", "{552D83BC-0C52-4524-9EAE-D8E6AC30FD79}"
EndProject
Project("{FAE04EC0-301F-11D3-BF4B-00C04F79EFBC}") = "SpheresResource", "SpheresResource\SpheresResource.csproj", "{568A7D8F-7522-44EC-AEEC-2E94C84250DB}"
EndProject
Project("{FAE04EC0-301F-11D3-BF4B-00C04F79EFBC}") = "SpheresWebApplication", "SpheresWebApplication\SpheresWebApplication.csproj", "{BE1DFFF2-42E5-49E8-8F15-360C53B07BDA}"
EndProject
Project("{FAE04EC0-301F-11D3-BF4B-00C04F79EFBC}") = "TimeZone", "TimeZone\TimeZone.csproj", "{36A1FF15-5123-43B6-B05E-2DA7091B0C76}"
EndProject
Project("{FAE04EC0-301F-11D3-BF4B-00C04F79EFBC}") = "TimeZoneWeb", "TimeZoneWeb\TimeZoneWeb.csproj", "{E1F75E35-04CA-4073-9CEA-B3969C452561}"
EndProject
Project("{FAE04EC0-301F-11D3-BF4B-00C04F79EFBC}") = "CommonCSV", "CommonCSV\CommonCSV.csproj", "{D8C11313-4444-40CC-B660-287E0CD07866}"
EndProject
Project("{FAE04EC0-301F-11D3-BF4B-00C04F79EFBC}") = "LoggerClient", "LoggerClient\LoggerClient.csproj", "{55E5D84A-1D98-4C76-99DD-FBC4A2D316BF}"
EndProject
Project("{FAE04EC0-301F-11D3-BF4B-00C04F79EFBC}") = "LoggerService", "..\SpheresServices\LoggerService\LoggerService.csproj", "{1FC02F1D-F965-4170-B1E9-4C3DDE2B1DFE}"
EndProject
Project("{FAE04EC0-301F-11D3-BF4B-00C04F79EFBC}") = "CommonLog", "CommonLog\CommonLog.csproj", "{4BFE53C9-DBCF-494C-A29F-738FDDB76D54}"
EndProject
Project("{FAE04EC0-301F-11D3-BF4B-00C04F79EFBC}") = "SyndicationFeed", "SyndicationFeed\SyndicationFeed.csproj", "{E9D21987-D46A-4EB3-9625-6640FAE57AD1}"
EndProject
Project("{FAE04EC0-301F-11D3-BF4B-00C04F79EFBC}") = "DALOracleManaged", "DALOracleManaged\DALOracleManaged.csproj", "{DAFCDDC0-FBEC-4776-9FE9-61CEB806E9D4}"
EndProject
Global
	GlobalSection(SolutionConfigurationPlatforms) = preSolution
		Debug|.NET = Debug|.NET
		Debug|Any CPU = Debug|Any CPU
		Debug|Mixed Platforms = Debug|Mixed Platforms
		Debug|x64 = Debug|x64
		Development|.NET = Development|.NET
		Development|Any CPU = Development|Any CPU
		Development|Mixed Platforms = Development|Mixed Platforms
		Development|x64 = Development|x64
		Release|.NET = Release|.NET
		Release|Any CPU = Release|Any CPU
		Release|Mixed Platforms = Release|Mixed Platforms
		Release|x64 = Release|x64
	EndGlobalSection
	GlobalSection(ProjectConfigurationPlatforms) = postSolution
		{CDACCA1B-403B-47F5-9F1B-E1A1AC4A7FE3}.Debug|.NET.ActiveCfg = Debug|Any CPU
		{CDACCA1B-403B-47F5-9F1B-E1A1AC4A7FE3}.Debug|Any CPU.ActiveCfg = Debug|Any CPU
		{CDACCA1B-403B-47F5-9F1B-E1A1AC4A7FE3}.Debug|Any CPU.Build.0 = Debug|Any CPU
		{CDACCA1B-403B-47F5-9F1B-E1A1AC4A7FE3}.Debug|Mixed Platforms.ActiveCfg = Debug|Any CPU
		{CDACCA1B-403B-47F5-9F1B-E1A1AC4A7FE3}.Debug|Mixed Platforms.Build.0 = Debug|Any CPU
		{CDACCA1B-403B-47F5-9F1B-E1A1AC4A7FE3}.Debug|x64.ActiveCfg = Debug|Any CPU
		{CDACCA1B-403B-47F5-9F1B-E1A1AC4A7FE3}.Development|.NET.ActiveCfg = Debug|Any CPU
		{CDACCA1B-403B-47F5-9F1B-E1A1AC4A7FE3}.Development|Any CPU.ActiveCfg = Debug|Any CPU
		{CDACCA1B-403B-47F5-9F1B-E1A1AC4A7FE3}.Development|Any CPU.Build.0 = Debug|Any CPU
		{CDACCA1B-403B-47F5-9F1B-E1A1AC4A7FE3}.Development|Mixed Platforms.ActiveCfg = Debug|Any CPU
		{CDACCA1B-403B-47F5-9F1B-E1A1AC4A7FE3}.Development|Mixed Platforms.Build.0 = Debug|Any CPU
		{CDACCA1B-403B-47F5-9F1B-E1A1AC4A7FE3}.Development|x64.ActiveCfg = Debug|Any CPU
		{CDACCA1B-403B-47F5-9F1B-E1A1AC4A7FE3}.Release|.NET.ActiveCfg = Release|Any CPU
		{CDACCA1B-403B-47F5-9F1B-E1A1AC4A7FE3}.Release|Any CPU.ActiveCfg = Release|Any CPU
		{CDACCA1B-403B-47F5-9F1B-E1A1AC4A7FE3}.Release|Any CPU.Build.0 = Release|Any CPU
		{CDACCA1B-403B-47F5-9F1B-E1A1AC4A7FE3}.Release|Mixed Platforms.ActiveCfg = Release|Any CPU
		{CDACCA1B-403B-47F5-9F1B-E1A1AC4A7FE3}.Release|Mixed Platforms.Build.0 = Release|Any CPU
		{CDACCA1B-403B-47F5-9F1B-E1A1AC4A7FE3}.Release|x64.ActiveCfg = Release|x64
		{CDACCA1B-403B-47F5-9F1B-E1A1AC4A7FE3}.Release|x64.Build.0 = Release|x64
		{1DCDE042-2496-46AE-A0B9-CE9C994D92E2}.Debug|.NET.ActiveCfg = Debug|Any CPU
		{1DCDE042-2496-46AE-A0B9-CE9C994D92E2}.Debug|Any CPU.ActiveCfg = Debug|Any CPU
		{1DCDE042-2496-46AE-A0B9-CE9C994D92E2}.Debug|Any CPU.Build.0 = Debug|Any CPU
		{1DCDE042-2496-46AE-A0B9-CE9C994D92E2}.Debug|Mixed Platforms.ActiveCfg = Debug|Any CPU
		{1DCDE042-2496-46AE-A0B9-CE9C994D92E2}.Debug|Mixed Platforms.Build.0 = Debug|Any CPU
		{1DCDE042-2496-46AE-A0B9-CE9C994D92E2}.Debug|x64.ActiveCfg = Debug|Any CPU
		{1DCDE042-2496-46AE-A0B9-CE9C994D92E2}.Development|.NET.ActiveCfg = Debug|Any CPU
		{1DCDE042-2496-46AE-A0B9-CE9C994D92E2}.Development|Any CPU.ActiveCfg = Debug|Any CPU
		{1DCDE042-2496-46AE-A0B9-CE9C994D92E2}.Development|Any CPU.Build.0 = Debug|Any CPU
		{1DCDE042-2496-46AE-A0B9-CE9C994D92E2}.Development|Mixed Platforms.ActiveCfg = Debug|Any CPU
		{1DCDE042-2496-46AE-A0B9-CE9C994D92E2}.Development|Mixed Platforms.Build.0 = Debug|Any CPU
		{1DCDE042-2496-46AE-A0B9-CE9C994D92E2}.Development|x64.ActiveCfg = Debug|Any CPU
		{1DCDE042-2496-46AE-A0B9-CE9C994D92E2}.Release|.NET.ActiveCfg = Release|Any CPU
		{1DCDE042-2496-46AE-A0B9-CE9C994D92E2}.Release|Any CPU.ActiveCfg = Release|Any CPU
		{1DCDE042-2496-46AE-A0B9-CE9C994D92E2}.Release|Any CPU.Build.0 = Release|Any CPU
		{1DCDE042-2496-46AE-A0B9-CE9C994D92E2}.Release|Mixed Platforms.ActiveCfg = Release|Any CPU
		{1DCDE042-2496-46AE-A0B9-CE9C994D92E2}.Release|Mixed Platforms.Build.0 = Release|Any CPU
		{1DCDE042-2496-46AE-A0B9-CE9C994D92E2}.Release|x64.ActiveCfg = Release|x64
		{1DCDE042-2496-46AE-A0B9-CE9C994D92E2}.Release|x64.Build.0 = Release|x64
		{8AFC2A73-7E28-43E0-975D-8176877CAEAE}.Debug|.NET.ActiveCfg = Debug|Any CPU
		{8AFC2A73-7E28-43E0-975D-8176877CAEAE}.Debug|Any CPU.ActiveCfg = Debug|Any CPU
		{8AFC2A73-7E28-43E0-975D-8176877CAEAE}.Debug|Any CPU.Build.0 = Debug|Any CPU
		{8AFC2A73-7E28-43E0-975D-8176877CAEAE}.Debug|Mixed Platforms.ActiveCfg = Debug|Any CPU
		{8AFC2A73-7E28-43E0-975D-8176877CAEAE}.Debug|Mixed Platforms.Build.0 = Debug|Any CPU
		{8AFC2A73-7E28-43E0-975D-8176877CAEAE}.Debug|x64.ActiveCfg = Debug|Any CPU
		{8AFC2A73-7E28-43E0-975D-8176877CAEAE}.Development|.NET.ActiveCfg = Debug|Any CPU
		{8AFC2A73-7E28-43E0-975D-8176877CAEAE}.Development|Any CPU.ActiveCfg = Debug|Any CPU
		{8AFC2A73-7E28-43E0-975D-8176877CAEAE}.Development|Any CPU.Build.0 = Debug|Any CPU
		{8AFC2A73-7E28-43E0-975D-8176877CAEAE}.Development|Mixed Platforms.ActiveCfg = Debug|Any CPU
		{8AFC2A73-7E28-43E0-975D-8176877CAEAE}.Development|Mixed Platforms.Build.0 = Debug|Any CPU
		{8AFC2A73-7E28-43E0-975D-8176877CAEAE}.Development|x64.ActiveCfg = Debug|Any CPU
		{8AFC2A73-7E28-43E0-975D-8176877CAEAE}.Release|.NET.ActiveCfg = Release|Any CPU
		{8AFC2A73-7E28-43E0-975D-8176877CAEAE}.Release|Any CPU.ActiveCfg = Release|Any CPU
		{8AFC2A73-7E28-43E0-975D-8176877CAEAE}.Release|Any CPU.Build.0 = Release|Any CPU
		{8AFC2A73-7E28-43E0-975D-8176877CAEAE}.Release|Mixed Platforms.ActiveCfg = Release|Any CPU
		{8AFC2A73-7E28-43E0-975D-8176877CAEAE}.Release|Mixed Platforms.Build.0 = Release|Any CPU
		{8AFC2A73-7E28-43E0-975D-8176877CAEAE}.Release|x64.ActiveCfg = Release|x64
		{8AFC2A73-7E28-43E0-975D-8176877CAEAE}.Release|x64.Build.0 = Release|x64
		{DAF178C7-EF30-49F9-BA73-14B2DCCBE3C2}.Debug|.NET.ActiveCfg = Debug|Any CPU
		{DAF178C7-EF30-49F9-BA73-14B2DCCBE3C2}.Debug|Any CPU.ActiveCfg = Debug|Any CPU
		{DAF178C7-EF30-49F9-BA73-14B2DCCBE3C2}.Debug|Any CPU.Build.0 = Debug|Any CPU
		{DAF178C7-EF30-49F9-BA73-14B2DCCBE3C2}.Debug|Mixed Platforms.ActiveCfg = Debug|Any CPU
		{DAF178C7-EF30-49F9-BA73-14B2DCCBE3C2}.Debug|Mixed Platforms.Build.0 = Debug|Any CPU
		{DAF178C7-EF30-49F9-BA73-14B2DCCBE3C2}.Debug|x64.ActiveCfg = Debug|Any CPU
		{DAF178C7-EF30-49F9-BA73-14B2DCCBE3C2}.Development|.NET.ActiveCfg = Debug|Any CPU
		{DAF178C7-EF30-49F9-BA73-14B2DCCBE3C2}.Development|Any CPU.ActiveCfg = Debug|Any CPU
		{DAF178C7-EF30-49F9-BA73-14B2DCCBE3C2}.Development|Any CPU.Build.0 = Debug|Any CPU
		{DAF178C7-EF30-49F9-BA73-14B2DCCBE3C2}.Development|Mixed Platforms.ActiveCfg = Debug|Any CPU
		{DAF178C7-EF30-49F9-BA73-14B2DCCBE3C2}.Development|Mixed Platforms.Build.0 = Debug|Any CPU
		{DAF178C7-EF30-49F9-BA73-14B2DCCBE3C2}.Development|x64.ActiveCfg = Debug|Any CPU
		{DAF178C7-EF30-49F9-BA73-14B2DCCBE3C2}.Release|.NET.ActiveCfg = Release|Any CPU
		{DAF178C7-EF30-49F9-BA73-14B2DCCBE3C2}.Release|Any CPU.ActiveCfg = Release|Any CPU
		{DAF178C7-EF30-49F9-BA73-14B2DCCBE3C2}.Release|Any CPU.Build.0 = Release|Any CPU
		{DAF178C7-EF30-49F9-BA73-14B2DCCBE3C2}.Release|Mixed Platforms.ActiveCfg = Release|Any CPU
		{DAF178C7-EF30-49F9-BA73-14B2DCCBE3C2}.Release|Mixed Platforms.Build.0 = Release|Any CPU
		{DAF178C7-EF30-49F9-BA73-14B2DCCBE3C2}.Release|x64.ActiveCfg = Release|x64
		{DAF178C7-EF30-49F9-BA73-14B2DCCBE3C2}.Release|x64.Build.0 = Release|x64
		{9FF00E89-DA79-4F89-B3A6-9995F502F080}.Debug|.NET.ActiveCfg = Debug|Any CPU
		{9FF00E89-DA79-4F89-B3A6-9995F502F080}.Debug|Any CPU.ActiveCfg = Debug|Any CPU
		{9FF00E89-DA79-4F89-B3A6-9995F502F080}.Debug|Any CPU.Build.0 = Debug|Any CPU
		{9FF00E89-DA79-4F89-B3A6-9995F502F080}.Debug|Mixed Platforms.ActiveCfg = Debug|Any CPU
		{9FF00E89-DA79-4F89-B3A6-9995F502F080}.Debug|Mixed Platforms.Build.0 = Debug|Any CPU
		{9FF00E89-DA79-4F89-B3A6-9995F502F080}.Debug|x64.ActiveCfg = Debug|Any CPU
		{9FF00E89-DA79-4F89-B3A6-9995F502F080}.Development|.NET.ActiveCfg = Debug|Any CPU
		{9FF00E89-DA79-4F89-B3A6-9995F502F080}.Development|Any CPU.ActiveCfg = Debug|Any CPU
		{9FF00E89-DA79-4F89-B3A6-9995F502F080}.Development|Any CPU.Build.0 = Debug|Any CPU
		{9FF00E89-DA79-4F89-B3A6-9995F502F080}.Development|Mixed Platforms.ActiveCfg = Debug|Any CPU
		{9FF00E89-DA79-4F89-B3A6-9995F502F080}.Development|Mixed Platforms.Build.0 = Debug|Any CPU
		{9FF00E89-DA79-4F89-B3A6-9995F502F080}.Development|x64.ActiveCfg = Debug|Any CPU
		{9FF00E89-DA79-4F89-B3A6-9995F502F080}.Release|.NET.ActiveCfg = Release|Any CPU
		{9FF00E89-DA79-4F89-B3A6-9995F502F080}.Release|Any CPU.ActiveCfg = Release|Any CPU
		{9FF00E89-DA79-4F89-B3A6-9995F502F080}.Release|Any CPU.Build.0 = Release|Any CPU
		{9FF00E89-DA79-4F89-B3A6-9995F502F080}.Release|Mixed Platforms.ActiveCfg = Release|Any CPU
		{9FF00E89-DA79-4F89-B3A6-9995F502F080}.Release|Mixed Platforms.Build.0 = Release|Any CPU
		{9FF00E89-DA79-4F89-B3A6-9995F502F080}.Release|x64.ActiveCfg = Release|x64
		{9FF00E89-DA79-4F89-B3A6-9995F502F080}.Release|x64.Build.0 = Release|x64
		{C1892D55-7D2D-4E34-819E-7A70F5F2AA06}.Debug|.NET.ActiveCfg = Debug|Any CPU
		{C1892D55-7D2D-4E34-819E-7A70F5F2AA06}.Debug|Any CPU.ActiveCfg = Debug|Any CPU
		{C1892D55-7D2D-4E34-819E-7A70F5F2AA06}.Debug|Any CPU.Build.0 = Debug|Any CPU
		{C1892D55-7D2D-4E34-819E-7A70F5F2AA06}.Debug|Mixed Platforms.ActiveCfg = Debug|Any CPU
		{C1892D55-7D2D-4E34-819E-7A70F5F2AA06}.Debug|Mixed Platforms.Build.0 = Debug|Any CPU
		{C1892D55-7D2D-4E34-819E-7A70F5F2AA06}.Debug|x64.ActiveCfg = Debug|Any CPU
		{C1892D55-7D2D-4E34-819E-7A70F5F2AA06}.Development|.NET.ActiveCfg = Debug|Any CPU
		{C1892D55-7D2D-4E34-819E-7A70F5F2AA06}.Development|Any CPU.ActiveCfg = Debug|Any CPU
		{C1892D55-7D2D-4E34-819E-7A70F5F2AA06}.Development|Any CPU.Build.0 = Debug|Any CPU
		{C1892D55-7D2D-4E34-819E-7A70F5F2AA06}.Development|Mixed Platforms.ActiveCfg = Debug|Any CPU
		{C1892D55-7D2D-4E34-819E-7A70F5F2AA06}.Development|Mixed Platforms.Build.0 = Debug|Any CPU
		{C1892D55-7D2D-4E34-819E-7A70F5F2AA06}.Development|x64.ActiveCfg = Debug|Any CPU
		{C1892D55-7D2D-4E34-819E-7A70F5F2AA06}.Release|.NET.ActiveCfg = Release|Any CPU
		{C1892D55-7D2D-4E34-819E-7A70F5F2AA06}.Release|Any CPU.ActiveCfg = Release|Any CPU
		{C1892D55-7D2D-4E34-819E-7A70F5F2AA06}.Release|Any CPU.Build.0 = Release|Any CPU
		{C1892D55-7D2D-4E34-819E-7A70F5F2AA06}.Release|Any CPU.Deploy.0 = Release|Any CPU
		{C1892D55-7D2D-4E34-819E-7A70F5F2AA06}.Release|Mixed Platforms.ActiveCfg = Release|Any CPU
		{C1892D55-7D2D-4E34-819E-7A70F5F2AA06}.Release|Mixed Platforms.Build.0 = Release|Any CPU
		{C1892D55-7D2D-4E34-819E-7A70F5F2AA06}.Release|x64.ActiveCfg = Release|x64
		{C1892D55-7D2D-4E34-819E-7A70F5F2AA06}.Release|x64.Build.0 = Release|x64
		{9A89EEBE-C534-4B2E-AB72-AEDF28C16696}.Debug|.NET.ActiveCfg = Debug|Any CPU
		{9A89EEBE-C534-4B2E-AB72-AEDF28C16696}.Debug|Any CPU.ActiveCfg = Debug|Any CPU
		{9A89EEBE-C534-4B2E-AB72-AEDF28C16696}.Debug|Any CPU.Build.0 = Debug|Any CPU
		{9A89EEBE-C534-4B2E-AB72-AEDF28C16696}.Debug|Mixed Platforms.ActiveCfg = Debug|Any CPU
		{9A89EEBE-C534-4B2E-AB72-AEDF28C16696}.Debug|Mixed Platforms.Build.0 = Debug|Any CPU
		{9A89EEBE-C534-4B2E-AB72-AEDF28C16696}.Debug|x64.ActiveCfg = Debug|Any CPU
		{9A89EEBE-C534-4B2E-AB72-AEDF28C16696}.Development|.NET.ActiveCfg = Debug|Any CPU
		{9A89EEBE-C534-4B2E-AB72-AEDF28C16696}.Development|Any CPU.ActiveCfg = Debug|Any CPU
		{9A89EEBE-C534-4B2E-AB72-AEDF28C16696}.Development|Any CPU.Build.0 = Debug|Any CPU
		{9A89EEBE-C534-4B2E-AB72-AEDF28C16696}.Development|Mixed Platforms.ActiveCfg = Debug|Any CPU
		{9A89EEBE-C534-4B2E-AB72-AEDF28C16696}.Development|Mixed Platforms.Build.0 = Debug|Any CPU
		{9A89EEBE-C534-4B2E-AB72-AEDF28C16696}.Development|x64.ActiveCfg = Debug|Any CPU
		{9A89EEBE-C534-4B2E-AB72-AEDF28C16696}.Release|.NET.ActiveCfg = Release|Any CPU
		{9A89EEBE-C534-4B2E-AB72-AEDF28C16696}.Release|Any CPU.ActiveCfg = Release|Any CPU
		{9A89EEBE-C534-4B2E-AB72-AEDF28C16696}.Release|Any CPU.Build.0 = Release|Any CPU
		{9A89EEBE-C534-4B2E-AB72-AEDF28C16696}.Release|Mixed Platforms.ActiveCfg = Release|Any CPU
		{9A89EEBE-C534-4B2E-AB72-AEDF28C16696}.Release|Mixed Platforms.Build.0 = Release|Any CPU
		{9A89EEBE-C534-4B2E-AB72-AEDF28C16696}.Release|x64.ActiveCfg = Release|x64
		{9A89EEBE-C534-4B2E-AB72-AEDF28C16696}.Release|x64.Build.0 = Release|x64
		{9130E93C-2E84-49B8-8F69-67D4E0660D94}.Debug|.NET.ActiveCfg = Debug|Any CPU
		{9130E93C-2E84-49B8-8F69-67D4E0660D94}.Debug|Any CPU.ActiveCfg = Debug|Any CPU
		{9130E93C-2E84-49B8-8F69-67D4E0660D94}.Debug|Any CPU.Build.0 = Debug|Any CPU
		{9130E93C-2E84-49B8-8F69-67D4E0660D94}.Debug|Mixed Platforms.ActiveCfg = Debug|Any CPU
		{9130E93C-2E84-49B8-8F69-67D4E0660D94}.Debug|Mixed Platforms.Build.0 = Debug|Any CPU
		{9130E93C-2E84-49B8-8F69-67D4E0660D94}.Debug|x64.ActiveCfg = Debug|Any CPU
		{9130E93C-2E84-49B8-8F69-67D4E0660D94}.Development|.NET.ActiveCfg = Debug|Any CPU
		{9130E93C-2E84-49B8-8F69-67D4E0660D94}.Development|Any CPU.ActiveCfg = Debug|Any CPU
		{9130E93C-2E84-49B8-8F69-67D4E0660D94}.Development|Any CPU.Build.0 = Debug|Any CPU
		{9130E93C-2E84-49B8-8F69-67D4E0660D94}.Development|Mixed Platforms.ActiveCfg = Debug|Any CPU
		{9130E93C-2E84-49B8-8F69-67D4E0660D94}.Development|Mixed Platforms.Build.0 = Debug|Any CPU
		{9130E93C-2E84-49B8-8F69-67D4E0660D94}.Development|x64.ActiveCfg = Debug|Any CPU
		{9130E93C-2E84-49B8-8F69-67D4E0660D94}.Release|.NET.ActiveCfg = Release|Any CPU
		{9130E93C-2E84-49B8-8F69-67D4E0660D94}.Release|Any CPU.ActiveCfg = Release|Any CPU
		{9130E93C-2E84-49B8-8F69-67D4E0660D94}.Release|Any CPU.Build.0 = Release|Any CPU
		{9130E93C-2E84-49B8-8F69-67D4E0660D94}.Release|Mixed Platforms.ActiveCfg = Release|Any CPU
		{9130E93C-2E84-49B8-8F69-67D4E0660D94}.Release|Mixed Platforms.Build.0 = Release|Any CPU
		{9130E93C-2E84-49B8-8F69-67D4E0660D94}.Release|x64.ActiveCfg = Release|x64
		{9130E93C-2E84-49B8-8F69-67D4E0660D94}.Release|x64.Build.0 = Release|x64
		{12866063-40CE-4DAB-AE70-38E554635F6F}.Debug|.NET.ActiveCfg = Debug|Any CPU
		{12866063-40CE-4DAB-AE70-38E554635F6F}.Debug|Any CPU.ActiveCfg = Debug|Any CPU
		{12866063-40CE-4DAB-AE70-38E554635F6F}.Debug|Any CPU.Build.0 = Debug|Any CPU
		{12866063-40CE-4DAB-AE70-38E554635F6F}.Debug|Mixed Platforms.ActiveCfg = Debug|Any CPU
		{12866063-40CE-4DAB-AE70-38E554635F6F}.Debug|Mixed Platforms.Build.0 = Debug|Any CPU
		{12866063-40CE-4DAB-AE70-38E554635F6F}.Debug|x64.ActiveCfg = Debug|Any CPU
		{12866063-40CE-4DAB-AE70-38E554635F6F}.Development|.NET.ActiveCfg = Debug|Any CPU
		{12866063-40CE-4DAB-AE70-38E554635F6F}.Development|Any CPU.ActiveCfg = Debug|Any CPU
		{12866063-40CE-4DAB-AE70-38E554635F6F}.Development|Any CPU.Build.0 = Debug|Any CPU
		{12866063-40CE-4DAB-AE70-38E554635F6F}.Development|Mixed Platforms.ActiveCfg = Debug|Any CPU
		{12866063-40CE-4DAB-AE70-38E554635F6F}.Development|Mixed Platforms.Build.0 = Debug|Any CPU
		{12866063-40CE-4DAB-AE70-38E554635F6F}.Development|x64.ActiveCfg = Debug|Any CPU
		{12866063-40CE-4DAB-AE70-38E554635F6F}.Release|.NET.ActiveCfg = Release|Any CPU
		{12866063-40CE-4DAB-AE70-38E554635F6F}.Release|Any CPU.ActiveCfg = Release|Any CPU
		{12866063-40CE-4DAB-AE70-38E554635F6F}.Release|Any CPU.Build.0 = Release|Any CPU
		{12866063-40CE-4DAB-AE70-38E554635F6F}.Release|Mixed Platforms.ActiveCfg = Release|Any CPU
		{12866063-40CE-4DAB-AE70-38E554635F6F}.Release|Mixed Platforms.Build.0 = Release|Any CPU
		{12866063-40CE-4DAB-AE70-38E554635F6F}.Release|x64.ActiveCfg = Release|x64
		{12866063-40CE-4DAB-AE70-38E554635F6F}.Release|x64.Build.0 = Release|x64
		{DE7F74E2-9431-44D4-8A38-3C0884D6719F}.Debug|.NET.ActiveCfg = Debug|Any CPU
		{DE7F74E2-9431-44D4-8A38-3C0884D6719F}.Debug|Any CPU.ActiveCfg = Debug|Any CPU
		{DE7F74E2-9431-44D4-8A38-3C0884D6719F}.Debug|Any CPU.Build.0 = Debug|Any CPU
		{DE7F74E2-9431-44D4-8A38-3C0884D6719F}.Debug|Mixed Platforms.ActiveCfg = Debug|Any CPU
		{DE7F74E2-9431-44D4-8A38-3C0884D6719F}.Debug|Mixed Platforms.Build.0 = Debug|Any CPU
		{DE7F74E2-9431-44D4-8A38-3C0884D6719F}.Debug|x64.ActiveCfg = Debug|Any CPU
		{DE7F74E2-9431-44D4-8A38-3C0884D6719F}.Development|.NET.ActiveCfg = Debug|Any CPU
		{DE7F74E2-9431-44D4-8A38-3C0884D6719F}.Development|Any CPU.ActiveCfg = Debug|Any CPU
		{DE7F74E2-9431-44D4-8A38-3C0884D6719F}.Development|Any CPU.Build.0 = Debug|Any CPU
		{DE7F74E2-9431-44D4-8A38-3C0884D6719F}.Development|Mixed Platforms.ActiveCfg = Debug|Any CPU
		{DE7F74E2-9431-44D4-8A38-3C0884D6719F}.Development|Mixed Platforms.Build.0 = Debug|Any CPU
		{DE7F74E2-9431-44D4-8A38-3C0884D6719F}.Development|x64.ActiveCfg = Debug|Any CPU
		{DE7F74E2-9431-44D4-8A38-3C0884D6719F}.Release|.NET.ActiveCfg = Release|Any CPU
		{DE7F74E2-9431-44D4-8A38-3C0884D6719F}.Release|Any CPU.ActiveCfg = Release|Any CPU
		{DE7F74E2-9431-44D4-8A38-3C0884D6719F}.Release|Any CPU.Build.0 = Release|Any CPU
		{DE7F74E2-9431-44D4-8A38-3C0884D6719F}.Release|Mixed Platforms.ActiveCfg = Release|Any CPU
		{DE7F74E2-9431-44D4-8A38-3C0884D6719F}.Release|Mixed Platforms.Build.0 = Release|Any CPU
		{DE7F74E2-9431-44D4-8A38-3C0884D6719F}.Release|x64.ActiveCfg = Release|x64
		{DE7F74E2-9431-44D4-8A38-3C0884D6719F}.Release|x64.Build.0 = Release|x64
		{A7E609D0-E67C-4997-B798-8974716D413C}.Debug|.NET.ActiveCfg = Debug|Any CPU
		{A7E609D0-E67C-4997-B798-8974716D413C}.Debug|Any CPU.ActiveCfg = Debug|Any CPU
		{A7E609D0-E67C-4997-B798-8974716D413C}.Debug|Any CPU.Build.0 = Debug|Any CPU
		{A7E609D0-E67C-4997-B798-8974716D413C}.Debug|Mixed Platforms.ActiveCfg = Debug|Any CPU
		{A7E609D0-E67C-4997-B798-8974716D413C}.Debug|Mixed Platforms.Build.0 = Debug|Any CPU
		{A7E609D0-E67C-4997-B798-8974716D413C}.Debug|x64.ActiveCfg = Debug|Any CPU
		{A7E609D0-E67C-4997-B798-8974716D413C}.Development|.NET.ActiveCfg = Debug|Any CPU
		{A7E609D0-E67C-4997-B798-8974716D413C}.Development|Any CPU.ActiveCfg = Debug|Any CPU
		{A7E609D0-E67C-4997-B798-8974716D413C}.Development|Any CPU.Build.0 = Debug|Any CPU
		{A7E609D0-E67C-4997-B798-8974716D413C}.Development|Mixed Platforms.ActiveCfg = Debug|Any CPU
		{A7E609D0-E67C-4997-B798-8974716D413C}.Development|Mixed Platforms.Build.0 = Debug|Any CPU
		{A7E609D0-E67C-4997-B798-8974716D413C}.Development|x64.ActiveCfg = DebugDev|Any CPU
		{A7E609D0-E67C-4997-B798-8974716D413C}.Release|.NET.ActiveCfg = Release|Any CPU
		{A7E609D0-E67C-4997-B798-8974716D413C}.Release|Any CPU.ActiveCfg = Release|Any CPU
		{A7E609D0-E67C-4997-B798-8974716D413C}.Release|Any CPU.Build.0 = Release|Any CPU
		{A7E609D0-E67C-4997-B798-8974716D413C}.Release|Mixed Platforms.ActiveCfg = Release|Any CPU
		{A7E609D0-E67C-4997-B798-8974716D413C}.Release|Mixed Platforms.Build.0 = Release|Any CPU
		{A7E609D0-E67C-4997-B798-8974716D413C}.Release|x64.ActiveCfg = Release|x64
		{A7E609D0-E67C-4997-B798-8974716D413C}.Release|x64.Build.0 = Release|x64
		{886F6F46-835F-4D1C-BDFD-D3B2CD8DBE6C}.Debug|.NET.ActiveCfg = Debug|Any CPU
		{886F6F46-835F-4D1C-BDFD-D3B2CD8DBE6C}.Debug|Any CPU.ActiveCfg = Debug|Any CPU
		{886F6F46-835F-4D1C-BDFD-D3B2CD8DBE6C}.Debug|Any CPU.Build.0 = Debug|Any CPU
		{886F6F46-835F-4D1C-BDFD-D3B2CD8DBE6C}.Debug|Mixed Platforms.ActiveCfg = Debug|Any CPU
		{886F6F46-835F-4D1C-BDFD-D3B2CD8DBE6C}.Debug|Mixed Platforms.Build.0 = Debug|Any CPU
		{886F6F46-835F-4D1C-BDFD-D3B2CD8DBE6C}.Debug|x64.ActiveCfg = Debug|Any CPU
		{886F6F46-835F-4D1C-BDFD-D3B2CD8DBE6C}.Development|.NET.ActiveCfg = Debug|Any CPU
		{886F6F46-835F-4D1C-BDFD-D3B2CD8DBE6C}.Development|Any CPU.ActiveCfg = Debug|Any CPU
		{886F6F46-835F-4D1C-BDFD-D3B2CD8DBE6C}.Development|Any CPU.Build.0 = Debug|Any CPU
		{886F6F46-835F-4D1C-BDFD-D3B2CD8DBE6C}.Development|Mixed Platforms.ActiveCfg = Debug|Any CPU
		{886F6F46-835F-4D1C-BDFD-D3B2CD8DBE6C}.Development|Mixed Platforms.Build.0 = Debug|Any CPU
		{886F6F46-835F-4D1C-BDFD-D3B2CD8DBE6C}.Development|x64.ActiveCfg = Debug|Any CPU
		{886F6F46-835F-4D1C-BDFD-D3B2CD8DBE6C}.Release|.NET.ActiveCfg = Release|Any CPU
		{886F6F46-835F-4D1C-BDFD-D3B2CD8DBE6C}.Release|Any CPU.ActiveCfg = Release|Any CPU
		{886F6F46-835F-4D1C-BDFD-D3B2CD8DBE6C}.Release|Any CPU.Build.0 = Release|Any CPU
		{886F6F46-835F-4D1C-BDFD-D3B2CD8DBE6C}.Release|Mixed Platforms.ActiveCfg = Release|Any CPU
		{886F6F46-835F-4D1C-BDFD-D3B2CD8DBE6C}.Release|Mixed Platforms.Build.0 = Release|Any CPU
		{886F6F46-835F-4D1C-BDFD-D3B2CD8DBE6C}.Release|x64.ActiveCfg = Release|x64
		{886F6F46-835F-4D1C-BDFD-D3B2CD8DBE6C}.Release|x64.Build.0 = Release|x64
		{870A39EA-BDAA-43FE-81E5-8A8AB600E83C}.Debug|.NET.ActiveCfg = Debug|Any CPU
		{870A39EA-BDAA-43FE-81E5-8A8AB600E83C}.Debug|Any CPU.ActiveCfg = Debug|Any CPU
		{870A39EA-BDAA-43FE-81E5-8A8AB600E83C}.Debug|Any CPU.Build.0 = Debug|Any CPU
		{870A39EA-BDAA-43FE-81E5-8A8AB600E83C}.Debug|Mixed Platforms.ActiveCfg = Debug|Any CPU
		{870A39EA-BDAA-43FE-81E5-8A8AB600E83C}.Debug|Mixed Platforms.Build.0 = Debug|Any CPU
		{870A39EA-BDAA-43FE-81E5-8A8AB600E83C}.Debug|x64.ActiveCfg = Debug|Any CPU
		{870A39EA-BDAA-43FE-81E5-8A8AB600E83C}.Development|.NET.ActiveCfg = Debug|Any CPU
		{870A39EA-BDAA-43FE-81E5-8A8AB600E83C}.Development|Any CPU.ActiveCfg = Debug|Any CPU
		{870A39EA-BDAA-43FE-81E5-8A8AB600E83C}.Development|Any CPU.Build.0 = Debug|Any CPU
		{870A39EA-BDAA-43FE-81E5-8A8AB600E83C}.Development|Mixed Platforms.ActiveCfg = Debug|Any CPU
		{870A39EA-BDAA-43FE-81E5-8A8AB600E83C}.Development|Mixed Platforms.Build.0 = Debug|Any CPU
		{870A39EA-BDAA-43FE-81E5-8A8AB600E83C}.Development|x64.ActiveCfg = Debug|Any CPU
		{870A39EA-BDAA-43FE-81E5-8A8AB600E83C}.Release|.NET.ActiveCfg = Release|Any CPU
		{870A39EA-BDAA-43FE-81E5-8A8AB600E83C}.Release|Any CPU.ActiveCfg = Release|Any CPU
		{870A39EA-BDAA-43FE-81E5-8A8AB600E83C}.Release|Any CPU.Build.0 = Release|Any CPU
		{870A39EA-BDAA-43FE-81E5-8A8AB600E83C}.Release|Mixed Platforms.ActiveCfg = Release|Any CPU
		{870A39EA-BDAA-43FE-81E5-8A8AB600E83C}.Release|Mixed Platforms.Build.0 = Release|Any CPU
		{870A39EA-BDAA-43FE-81E5-8A8AB600E83C}.Release|x64.ActiveCfg = Release|x64
		{870A39EA-BDAA-43FE-81E5-8A8AB600E83C}.Release|x64.Build.0 = Release|x64
		{7BB59F8C-6339-4613-BAAA-06FA589483F4}.Debug|.NET.ActiveCfg = Debug|Any CPU
		{7BB59F8C-6339-4613-BAAA-06FA589483F4}.Debug|Any CPU.ActiveCfg = Debug|Any CPU
		{7BB59F8C-6339-4613-BAAA-06FA589483F4}.Debug|Any CPU.Build.0 = Debug|Any CPU
		{7BB59F8C-6339-4613-BAAA-06FA589483F4}.Debug|Mixed Platforms.ActiveCfg = Debug|Any CPU
		{7BB59F8C-6339-4613-BAAA-06FA589483F4}.Debug|Mixed Platforms.Build.0 = Debug|Any CPU
		{7BB59F8C-6339-4613-BAAA-06FA589483F4}.Debug|x64.ActiveCfg = Debug|Any CPU
		{7BB59F8C-6339-4613-BAAA-06FA589483F4}.Development|.NET.ActiveCfg = Debug|Any CPU
		{7BB59F8C-6339-4613-BAAA-06FA589483F4}.Development|Any CPU.ActiveCfg = Debug|Any CPU
		{7BB59F8C-6339-4613-BAAA-06FA589483F4}.Development|Any CPU.Build.0 = Debug|Any CPU
		{7BB59F8C-6339-4613-BAAA-06FA589483F4}.Development|Mixed Platforms.ActiveCfg = Debug|Any CPU
		{7BB59F8C-6339-4613-BAAA-06FA589483F4}.Development|Mixed Platforms.Build.0 = Debug|Any CPU
		{7BB59F8C-6339-4613-BAAA-06FA589483F4}.Development|x64.ActiveCfg = Debug|Any CPU
		{7BB59F8C-6339-4613-BAAA-06FA589483F4}.Release|.NET.ActiveCfg = Release|Any CPU
		{7BB59F8C-6339-4613-BAAA-06FA589483F4}.Release|Any CPU.ActiveCfg = Release|Any CPU
		{7BB59F8C-6339-4613-BAAA-06FA589483F4}.Release|Any CPU.Build.0 = Release|Any CPU
		{7BB59F8C-6339-4613-BAAA-06FA589483F4}.Release|Mixed Platforms.ActiveCfg = Release|Any CPU
		{7BB59F8C-6339-4613-BAAA-06FA589483F4}.Release|Mixed Platforms.Build.0 = Release|Any CPU
		{7BB59F8C-6339-4613-BAAA-06FA589483F4}.Release|x64.ActiveCfg = Release|x64
		{7BB59F8C-6339-4613-BAAA-06FA589483F4}.Release|x64.Build.0 = Release|x64
		{B41A7061-0283-43A6-8007-F1F350E1C869}.Debug|.NET.ActiveCfg = Debug|Any CPU
		{B41A7061-0283-43A6-8007-F1F350E1C869}.Debug|Any CPU.ActiveCfg = Debug|Any CPU
		{B41A7061-0283-43A6-8007-F1F350E1C869}.Debug|Any CPU.Build.0 = Debug|Any CPU
		{B41A7061-0283-43A6-8007-F1F350E1C869}.Debug|Mixed Platforms.ActiveCfg = Debug|Any CPU
		{B41A7061-0283-43A6-8007-F1F350E1C869}.Debug|Mixed Platforms.Build.0 = Debug|Any CPU
		{B41A7061-0283-43A6-8007-F1F350E1C869}.Debug|x64.ActiveCfg = Debug|Any CPU
		{B41A7061-0283-43A6-8007-F1F350E1C869}.Development|.NET.ActiveCfg = Debug|Any CPU
		{B41A7061-0283-43A6-8007-F1F350E1C869}.Development|Any CPU.ActiveCfg = Debug|Any CPU
		{B41A7061-0283-43A6-8007-F1F350E1C869}.Development|Any CPU.Build.0 = Debug|Any CPU
		{B41A7061-0283-43A6-8007-F1F350E1C869}.Development|Mixed Platforms.ActiveCfg = Debug|Any CPU
		{B41A7061-0283-43A6-8007-F1F350E1C869}.Development|Mixed Platforms.Build.0 = Debug|Any CPU
		{B41A7061-0283-43A6-8007-F1F350E1C869}.Development|x64.ActiveCfg = Debug|Any CPU
		{B41A7061-0283-43A6-8007-F1F350E1C869}.Release|.NET.ActiveCfg = Release|Any CPU
		{B41A7061-0283-43A6-8007-F1F350E1C869}.Release|Any CPU.ActiveCfg = Release|Any CPU
		{B41A7061-0283-43A6-8007-F1F350E1C869}.Release|Any CPU.Build.0 = Release|Any CPU
		{B41A7061-0283-43A6-8007-F1F350E1C869}.Release|Mixed Platforms.ActiveCfg = Release|Any CPU
		{B41A7061-0283-43A6-8007-F1F350E1C869}.Release|Mixed Platforms.Build.0 = Release|Any CPU
		{B41A7061-0283-43A6-8007-F1F350E1C869}.Release|x64.ActiveCfg = Release|x64
		{B41A7061-0283-43A6-8007-F1F350E1C869}.Release|x64.Build.0 = Release|x64
		{9C932059-CE2A-42B6-A9BF-6D4346350003}.Debug|.NET.ActiveCfg = Debug|Any CPU
		{9C932059-CE2A-42B6-A9BF-6D4346350003}.Debug|Any CPU.ActiveCfg = Debug|Any CPU
		{9C932059-CE2A-42B6-A9BF-6D4346350003}.Debug|Any CPU.Build.0 = Debug|Any CPU
		{9C932059-CE2A-42B6-A9BF-6D4346350003}.Debug|Mixed Platforms.ActiveCfg = Debug|Any CPU
		{9C932059-CE2A-42B6-A9BF-6D4346350003}.Debug|Mixed Platforms.Build.0 = Debug|Any CPU
		{9C932059-CE2A-42B6-A9BF-6D4346350003}.Debug|x64.ActiveCfg = Debug|Any CPU
		{9C932059-CE2A-42B6-A9BF-6D4346350003}.Development|.NET.ActiveCfg = Debug|Any CPU
		{9C932059-CE2A-42B6-A9BF-6D4346350003}.Development|Any CPU.ActiveCfg = Debug|Any CPU
		{9C932059-CE2A-42B6-A9BF-6D4346350003}.Development|Any CPU.Build.0 = Debug|Any CPU
		{9C932059-CE2A-42B6-A9BF-6D4346350003}.Development|Mixed Platforms.ActiveCfg = Debug|Any CPU
		{9C932059-CE2A-42B6-A9BF-6D4346350003}.Development|Mixed Platforms.Build.0 = Debug|Any CPU
		{9C932059-CE2A-42B6-A9BF-6D4346350003}.Development|x64.ActiveCfg = Debug|Any CPU
		{9C932059-CE2A-42B6-A9BF-6D4346350003}.Release|.NET.ActiveCfg = Release|Any CPU
		{9C932059-CE2A-42B6-A9BF-6D4346350003}.Release|Any CPU.ActiveCfg = Release|Any CPU
		{9C932059-CE2A-42B6-A9BF-6D4346350003}.Release|Any CPU.Build.0 = Release|Any CPU
		{9C932059-CE2A-42B6-A9BF-6D4346350003}.Release|Mixed Platforms.ActiveCfg = Release|Any CPU
		{9C932059-CE2A-42B6-A9BF-6D4346350003}.Release|Mixed Platforms.Build.0 = Release|Any CPU
		{9C932059-CE2A-42B6-A9BF-6D4346350003}.Release|x64.ActiveCfg = Release|x64
		{9C932059-CE2A-42B6-A9BF-6D4346350003}.Release|x64.Build.0 = Release|x64
		{91EB66FE-7812-4F7A-8E41-5EB9C953F703}.Debug|.NET.ActiveCfg = Debug|Any CPU
		{91EB66FE-7812-4F7A-8E41-5EB9C953F703}.Debug|Any CPU.ActiveCfg = Debug|Any CPU
		{91EB66FE-7812-4F7A-8E41-5EB9C953F703}.Debug|Any CPU.Build.0 = Debug|Any CPU
		{91EB66FE-7812-4F7A-8E41-5EB9C953F703}.Debug|Mixed Platforms.ActiveCfg = Debug|Any CPU
		{91EB66FE-7812-4F7A-8E41-5EB9C953F703}.Debug|Mixed Platforms.Build.0 = Debug|Any CPU
		{91EB66FE-7812-4F7A-8E41-5EB9C953F703}.Debug|x64.ActiveCfg = Debug|Any CPU
		{91EB66FE-7812-4F7A-8E41-5EB9C953F703}.Development|.NET.ActiveCfg = Debug|Any CPU
		{91EB66FE-7812-4F7A-8E41-5EB9C953F703}.Development|Any CPU.ActiveCfg = Debug|Any CPU
		{91EB66FE-7812-4F7A-8E41-5EB9C953F703}.Development|Any CPU.Build.0 = Debug|Any CPU
		{91EB66FE-7812-4F7A-8E41-5EB9C953F703}.Development|Mixed Platforms.ActiveCfg = Debug|Any CPU
		{91EB66FE-7812-4F7A-8E41-5EB9C953F703}.Development|Mixed Platforms.Build.0 = Debug|Any CPU
		{91EB66FE-7812-4F7A-8E41-5EB9C953F703}.Development|x64.ActiveCfg = Debug|Any CPU
		{91EB66FE-7812-4F7A-8E41-5EB9C953F703}.Release|.NET.ActiveCfg = Release|Any CPU
		{91EB66FE-7812-4F7A-8E41-5EB9C953F703}.Release|Any CPU.ActiveCfg = Release|Any CPU
		{91EB66FE-7812-4F7A-8E41-5EB9C953F703}.Release|Any CPU.Build.0 = Release|Any CPU
		{91EB66FE-7812-4F7A-8E41-5EB9C953F703}.Release|Mixed Platforms.ActiveCfg = Release|Any CPU
		{91EB66FE-7812-4F7A-8E41-5EB9C953F703}.Release|Mixed Platforms.Build.0 = Release|Any CPU
		{91EB66FE-7812-4F7A-8E41-5EB9C953F703}.Release|x64.ActiveCfg = Release|x64
		{91EB66FE-7812-4F7A-8E41-5EB9C953F703}.Release|x64.Build.0 = Release|x64
		{4117F946-D2FD-4EAB-A4A0-F3FB8B1732CC}.Debug|.NET.ActiveCfg = Debug|Any CPU
		{4117F946-D2FD-4EAB-A4A0-F3FB8B1732CC}.Debug|Any CPU.ActiveCfg = Debug|Any CPU
		{4117F946-D2FD-4EAB-A4A0-F3FB8B1732CC}.Debug|Any CPU.Build.0 = Debug|Any CPU
		{4117F946-D2FD-4EAB-A4A0-F3FB8B1732CC}.Debug|Mixed Platforms.ActiveCfg = Debug|Any CPU
		{4117F946-D2FD-4EAB-A4A0-F3FB8B1732CC}.Debug|Mixed Platforms.Build.0 = Debug|Any CPU
		{4117F946-D2FD-4EAB-A4A0-F3FB8B1732CC}.Debug|x64.ActiveCfg = Debug|Any CPU
		{4117F946-D2FD-4EAB-A4A0-F3FB8B1732CC}.Development|.NET.ActiveCfg = Debug|Any CPU
		{4117F946-D2FD-4EAB-A4A0-F3FB8B1732CC}.Development|Any CPU.ActiveCfg = Debug|Any CPU
		{4117F946-D2FD-4EAB-A4A0-F3FB8B1732CC}.Development|Any CPU.Build.0 = Debug|Any CPU
		{4117F946-D2FD-4EAB-A4A0-F3FB8B1732CC}.Development|Mixed Platforms.ActiveCfg = Debug|Any CPU
		{4117F946-D2FD-4EAB-A4A0-F3FB8B1732CC}.Development|Mixed Platforms.Build.0 = Debug|Any CPU
		{4117F946-D2FD-4EAB-A4A0-F3FB8B1732CC}.Development|x64.ActiveCfg = Debug|Any CPU
		{4117F946-D2FD-4EAB-A4A0-F3FB8B1732CC}.Release|.NET.ActiveCfg = Release|Any CPU
		{4117F946-D2FD-4EAB-A4A0-F3FB8B1732CC}.Release|Any CPU.ActiveCfg = Release|Any CPU
		{4117F946-D2FD-4EAB-A4A0-F3FB8B1732CC}.Release|Any CPU.Build.0 = Release|Any CPU
		{4117F946-D2FD-4EAB-A4A0-F3FB8B1732CC}.Release|Mixed Platforms.ActiveCfg = Release|Any CPU
		{4117F946-D2FD-4EAB-A4A0-F3FB8B1732CC}.Release|Mixed Platforms.Build.0 = Release|Any CPU
		{4117F946-D2FD-4EAB-A4A0-F3FB8B1732CC}.Release|x64.ActiveCfg = Release|x64
		{4117F946-D2FD-4EAB-A4A0-F3FB8B1732CC}.Release|x64.Build.0 = Release|x64
		{1E32262C-564A-4382-ACE7-22D47C934352}.Debug|.NET.ActiveCfg = Debug|Any CPU
		{1E32262C-564A-4382-ACE7-22D47C934352}.Debug|Any CPU.ActiveCfg = Debug|Any CPU
		{1E32262C-564A-4382-ACE7-22D47C934352}.Debug|Any CPU.Build.0 = Debug|Any CPU
		{1E32262C-564A-4382-ACE7-22D47C934352}.Debug|Mixed Platforms.ActiveCfg = Debug|Any CPU
		{1E32262C-564A-4382-ACE7-22D47C934352}.Debug|Mixed Platforms.Build.0 = Debug|Any CPU
		{1E32262C-564A-4382-ACE7-22D47C934352}.Debug|x64.ActiveCfg = Debug|Any CPU
		{1E32262C-564A-4382-ACE7-22D47C934352}.Development|.NET.ActiveCfg = Debug|Any CPU
		{1E32262C-564A-4382-ACE7-22D47C934352}.Development|Any CPU.ActiveCfg = Debug|Any CPU
		{1E32262C-564A-4382-ACE7-22D47C934352}.Development|Any CPU.Build.0 = Debug|Any CPU
		{1E32262C-564A-4382-ACE7-22D47C934352}.Development|Mixed Platforms.ActiveCfg = Debug|Any CPU
		{1E32262C-564A-4382-ACE7-22D47C934352}.Development|Mixed Platforms.Build.0 = Debug|Any CPU
		{1E32262C-564A-4382-ACE7-22D47C934352}.Development|x64.ActiveCfg = Debug|Any CPU
		{1E32262C-564A-4382-ACE7-22D47C934352}.Release|.NET.ActiveCfg = Release|Any CPU
		{1E32262C-564A-4382-ACE7-22D47C934352}.Release|Any CPU.ActiveCfg = Release|Any CPU
		{1E32262C-564A-4382-ACE7-22D47C934352}.Release|Any CPU.Build.0 = Release|Any CPU
		{1E32262C-564A-4382-ACE7-22D47C934352}.Release|Mixed Platforms.ActiveCfg = Release|Any CPU
		{1E32262C-564A-4382-ACE7-22D47C934352}.Release|Mixed Platforms.Build.0 = Release|Any CPU
		{1E32262C-564A-4382-ACE7-22D47C934352}.Release|x64.ActiveCfg = Release|x64
		{1E32262C-564A-4382-ACE7-22D47C934352}.Release|x64.Build.0 = Release|x64
		{5CEA6481-0240-4328-B5C3-3DEBBEBD904D}.Debug|.NET.ActiveCfg = Debug|Any CPU
		{5CEA6481-0240-4328-B5C3-3DEBBEBD904D}.Debug|Any CPU.ActiveCfg = Debug|Any CPU
		{5CEA6481-0240-4328-B5C3-3DEBBEBD904D}.Debug|Any CPU.Build.0 = Debug|Any CPU
		{5CEA6481-0240-4328-B5C3-3DEBBEBD904D}.Debug|Mixed Platforms.ActiveCfg = Debug|Any CPU
		{5CEA6481-0240-4328-B5C3-3DEBBEBD904D}.Debug|Mixed Platforms.Build.0 = Debug|Any CPU
		{5CEA6481-0240-4328-B5C3-3DEBBEBD904D}.Debug|x64.ActiveCfg = Debug|Any CPU
		{5CEA6481-0240-4328-B5C3-3DEBBEBD904D}.Development|.NET.ActiveCfg = Debug|Any CPU
		{5CEA6481-0240-4328-B5C3-3DEBBEBD904D}.Development|Any CPU.ActiveCfg = Debug|Any CPU
		{5CEA6481-0240-4328-B5C3-3DEBBEBD904D}.Development|Any CPU.Build.0 = Debug|Any CPU
		{5CEA6481-0240-4328-B5C3-3DEBBEBD904D}.Development|Mixed Platforms.ActiveCfg = Debug|Any CPU
		{5CEA6481-0240-4328-B5C3-3DEBBEBD904D}.Development|Mixed Platforms.Build.0 = Debug|Any CPU
		{5CEA6481-0240-4328-B5C3-3DEBBEBD904D}.Development|x64.ActiveCfg = Debug|Any CPU
		{5CEA6481-0240-4328-B5C3-3DEBBEBD904D}.Release|.NET.ActiveCfg = Release|Any CPU
		{5CEA6481-0240-4328-B5C3-3DEBBEBD904D}.Release|Any CPU.ActiveCfg = Release|Any CPU
		{5CEA6481-0240-4328-B5C3-3DEBBEBD904D}.Release|Any CPU.Build.0 = Release|Any CPU
		{5CEA6481-0240-4328-B5C3-3DEBBEBD904D}.Release|Mixed Platforms.ActiveCfg = Release|Any CPU
		{5CEA6481-0240-4328-B5C3-3DEBBEBD904D}.Release|Mixed Platforms.Build.0 = Release|Any CPU
		{5CEA6481-0240-4328-B5C3-3DEBBEBD904D}.Release|x64.ActiveCfg = Release|x64
		{5CEA6481-0240-4328-B5C3-3DEBBEBD904D}.Release|x64.Build.0 = Release|x64
		{F6932CC9-6190-4C5E-8788-1AC5C52564ED}.Debug|.NET.ActiveCfg = Debug|Any CPU
		{F6932CC9-6190-4C5E-8788-1AC5C52564ED}.Debug|Any CPU.ActiveCfg = Debug|Any CPU
		{F6932CC9-6190-4C5E-8788-1AC5C52564ED}.Debug|Any CPU.Build.0 = Debug|Any CPU
		{F6932CC9-6190-4C5E-8788-1AC5C52564ED}.Debug|Mixed Platforms.ActiveCfg = Debug|Any CPU
		{F6932CC9-6190-4C5E-8788-1AC5C52564ED}.Debug|Mixed Platforms.Build.0 = Debug|Any CPU
		{F6932CC9-6190-4C5E-8788-1AC5C52564ED}.Debug|x64.ActiveCfg = Debug|Any CPU
		{F6932CC9-6190-4C5E-8788-1AC5C52564ED}.Development|.NET.ActiveCfg = Debug|Any CPU
		{F6932CC9-6190-4C5E-8788-1AC5C52564ED}.Development|Any CPU.ActiveCfg = Debug|Any CPU
		{F6932CC9-6190-4C5E-8788-1AC5C52564ED}.Development|Any CPU.Build.0 = Debug|Any CPU
		{F6932CC9-6190-4C5E-8788-1AC5C52564ED}.Development|Mixed Platforms.ActiveCfg = Debug|Any CPU
		{F6932CC9-6190-4C5E-8788-1AC5C52564ED}.Development|Mixed Platforms.Build.0 = Debug|Any CPU
		{F6932CC9-6190-4C5E-8788-1AC5C52564ED}.Development|x64.ActiveCfg = Debug|Any CPU
		{F6932CC9-6190-4C5E-8788-1AC5C52564ED}.Release|.NET.ActiveCfg = Release|Any CPU
		{F6932CC9-6190-4C5E-8788-1AC5C52564ED}.Release|Any CPU.ActiveCfg = Release|Any CPU
		{F6932CC9-6190-4C5E-8788-1AC5C52564ED}.Release|Any CPU.Build.0 = Release|Any CPU
		{F6932CC9-6190-4C5E-8788-1AC5C52564ED}.Release|Mixed Platforms.ActiveCfg = Release|Any CPU
		{F6932CC9-6190-4C5E-8788-1AC5C52564ED}.Release|Mixed Platforms.Build.0 = Release|Any CPU
		{F6932CC9-6190-4C5E-8788-1AC5C52564ED}.Release|x64.ActiveCfg = Release|x64
		{F6932CC9-6190-4C5E-8788-1AC5C52564ED}.Release|x64.Build.0 = Release|x64
		{142B10A1-7781-4351-BACE-F6E773457D3F}.Debug|.NET.ActiveCfg = Debug|Any CPU
		{142B10A1-7781-4351-BACE-F6E773457D3F}.Debug|Any CPU.ActiveCfg = Debug|Any CPU
		{142B10A1-7781-4351-BACE-F6E773457D3F}.Debug|Any CPU.Build.0 = Debug|Any CPU
		{142B10A1-7781-4351-BACE-F6E773457D3F}.Debug|Mixed Platforms.ActiveCfg = Debug|Any CPU
		{142B10A1-7781-4351-BACE-F6E773457D3F}.Debug|Mixed Platforms.Build.0 = Debug|Any CPU
		{142B10A1-7781-4351-BACE-F6E773457D3F}.Debug|x64.ActiveCfg = Debug|Any CPU
		{142B10A1-7781-4351-BACE-F6E773457D3F}.Development|.NET.ActiveCfg = Debug|Any CPU
		{142B10A1-7781-4351-BACE-F6E773457D3F}.Development|Any CPU.ActiveCfg = Debug|Any CPU
		{142B10A1-7781-4351-BACE-F6E773457D3F}.Development|Any CPU.Build.0 = Debug|Any CPU
		{142B10A1-7781-4351-BACE-F6E773457D3F}.Development|Mixed Platforms.ActiveCfg = Debug|Any CPU
		{142B10A1-7781-4351-BACE-F6E773457D3F}.Development|Mixed Platforms.Build.0 = Debug|Any CPU
		{142B10A1-7781-4351-BACE-F6E773457D3F}.Development|x64.ActiveCfg = Debug|Any CPU
		{142B10A1-7781-4351-BACE-F6E773457D3F}.Release|.NET.ActiveCfg = Release|Any CPU
		{142B10A1-7781-4351-BACE-F6E773457D3F}.Release|Any CPU.ActiveCfg = Release|Any CPU
		{142B10A1-7781-4351-BACE-F6E773457D3F}.Release|Any CPU.Build.0 = Release|Any CPU
		{142B10A1-7781-4351-BACE-F6E773457D3F}.Release|Mixed Platforms.ActiveCfg = Release|Any CPU
		{142B10A1-7781-4351-BACE-F6E773457D3F}.Release|Mixed Platforms.Build.0 = Release|Any CPU
		{142B10A1-7781-4351-BACE-F6E773457D3F}.Release|x64.ActiveCfg = Release|x64
		{142B10A1-7781-4351-BACE-F6E773457D3F}.Release|x64.Build.0 = Release|x64
		{B0264DB6-64FA-4CCA-AC9A-C163AF677463}.Debug|.NET.ActiveCfg = Debug|Any CPU
		{B0264DB6-64FA-4CCA-AC9A-C163AF677463}.Debug|Any CPU.ActiveCfg = Debug|Any CPU
		{B0264DB6-64FA-4CCA-AC9A-C163AF677463}.Debug|Any CPU.Build.0 = Debug|Any CPU
		{B0264DB6-64FA-4CCA-AC9A-C163AF677463}.Debug|Mixed Platforms.ActiveCfg = Debug|Any CPU
		{B0264DB6-64FA-4CCA-AC9A-C163AF677463}.Debug|Mixed Platforms.Build.0 = Debug|Any CPU
		{B0264DB6-64FA-4CCA-AC9A-C163AF677463}.Debug|x64.ActiveCfg = Debug|Any CPU
		{B0264DB6-64FA-4CCA-AC9A-C163AF677463}.Development|.NET.ActiveCfg = Debug|Any CPU
		{B0264DB6-64FA-4CCA-AC9A-C163AF677463}.Development|Any CPU.ActiveCfg = Debug|Any CPU
		{B0264DB6-64FA-4CCA-AC9A-C163AF677463}.Development|Any CPU.Build.0 = Debug|Any CPU
		{B0264DB6-64FA-4CCA-AC9A-C163AF677463}.Development|Mixed Platforms.ActiveCfg = Debug|Any CPU
		{B0264DB6-64FA-4CCA-AC9A-C163AF677463}.Development|Mixed Platforms.Build.0 = Debug|Any CPU
		{B0264DB6-64FA-4CCA-AC9A-C163AF677463}.Development|x64.ActiveCfg = Debug|Any CPU
		{B0264DB6-64FA-4CCA-AC9A-C163AF677463}.Release|.NET.ActiveCfg = Release|Any CPU
		{B0264DB6-64FA-4CCA-AC9A-C163AF677463}.Release|Any CPU.ActiveCfg = Release|Any CPU
		{B0264DB6-64FA-4CCA-AC9A-C163AF677463}.Release|Any CPU.Build.0 = Release|Any CPU
		{B0264DB6-64FA-4CCA-AC9A-C163AF677463}.Release|Mixed Platforms.ActiveCfg = Release|Any CPU
		{B0264DB6-64FA-4CCA-AC9A-C163AF677463}.Release|Mixed Platforms.Build.0 = Release|Any CPU
		{B0264DB6-64FA-4CCA-AC9A-C163AF677463}.Release|x64.ActiveCfg = Release|x64
		{B0264DB6-64FA-4CCA-AC9A-C163AF677463}.Release|x64.Build.0 = Release|x64
		{A0323250-116A-43EF-9E7D-F3218B6246B1}.Debug|.NET.ActiveCfg = Debug|Any CPU
		{A0323250-116A-43EF-9E7D-F3218B6246B1}.Debug|Any CPU.ActiveCfg = Debug|Any CPU
		{A0323250-116A-43EF-9E7D-F3218B6246B1}.Debug|Any CPU.Build.0 = Debug|Any CPU
		{A0323250-116A-43EF-9E7D-F3218B6246B1}.Debug|Mixed Platforms.ActiveCfg = Debug|Any CPU
		{A0323250-116A-43EF-9E7D-F3218B6246B1}.Debug|Mixed Platforms.Build.0 = Debug|Any CPU
		{A0323250-116A-43EF-9E7D-F3218B6246B1}.Debug|x64.ActiveCfg = Debug|Any CPU
		{A0323250-116A-43EF-9E7D-F3218B6246B1}.Development|.NET.ActiveCfg = Debug|Any CPU
		{A0323250-116A-43EF-9E7D-F3218B6246B1}.Development|Any CPU.ActiveCfg = Debug|Any CPU
		{A0323250-116A-43EF-9E7D-F3218B6246B1}.Development|Any CPU.Build.0 = Debug|Any CPU
		{A0323250-116A-43EF-9E7D-F3218B6246B1}.Development|Mixed Platforms.ActiveCfg = Debug|Any CPU
		{A0323250-116A-43EF-9E7D-F3218B6246B1}.Development|Mixed Platforms.Build.0 = Debug|Any CPU
		{A0323250-116A-43EF-9E7D-F3218B6246B1}.Development|x64.ActiveCfg = Debug|Any CPU
		{A0323250-116A-43EF-9E7D-F3218B6246B1}.Release|.NET.ActiveCfg = Release|Any CPU
		{A0323250-116A-43EF-9E7D-F3218B6246B1}.Release|Any CPU.ActiveCfg = Release|Any CPU
		{A0323250-116A-43EF-9E7D-F3218B6246B1}.Release|Any CPU.Build.0 = Release|Any CPU
		{A0323250-116A-43EF-9E7D-F3218B6246B1}.Release|Mixed Platforms.ActiveCfg = Release|Any CPU
		{A0323250-116A-43EF-9E7D-F3218B6246B1}.Release|Mixed Platforms.Build.0 = Release|Any CPU
		{A0323250-116A-43EF-9E7D-F3218B6246B1}.Release|x64.ActiveCfg = Release|x64
		{A0323250-116A-43EF-9E7D-F3218B6246B1}.Release|x64.Build.0 = Release|x64
		{B68C8188-99D4-4600-92A2-3AA8302E87B8}.Debug|.NET.ActiveCfg = Debug|Any CPU
		{B68C8188-99D4-4600-92A2-3AA8302E87B8}.Debug|Any CPU.ActiveCfg = Debug|Any CPU
		{B68C8188-99D4-4600-92A2-3AA8302E87B8}.Debug|Any CPU.Build.0 = Debug|Any CPU
		{B68C8188-99D4-4600-92A2-3AA8302E87B8}.Debug|Mixed Platforms.ActiveCfg = Debug|Any CPU
		{B68C8188-99D4-4600-92A2-3AA8302E87B8}.Debug|Mixed Platforms.Build.0 = Debug|Any CPU
		{B68C8188-99D4-4600-92A2-3AA8302E87B8}.Debug|x64.ActiveCfg = Debug|Any CPU
		{B68C8188-99D4-4600-92A2-3AA8302E87B8}.Development|.NET.ActiveCfg = Debug|Any CPU
		{B68C8188-99D4-4600-92A2-3AA8302E87B8}.Development|Any CPU.ActiveCfg = Debug|Any CPU
		{B68C8188-99D4-4600-92A2-3AA8302E87B8}.Development|Any CPU.Build.0 = Debug|Any CPU
		{B68C8188-99D4-4600-92A2-3AA8302E87B8}.Development|Mixed Platforms.ActiveCfg = Debug|Any CPU
		{B68C8188-99D4-4600-92A2-3AA8302E87B8}.Development|Mixed Platforms.Build.0 = Debug|Any CPU
		{B68C8188-99D4-4600-92A2-3AA8302E87B8}.Development|x64.ActiveCfg = Debug|Any CPU
		{B68C8188-99D4-4600-92A2-3AA8302E87B8}.Release|.NET.ActiveCfg = Release|Any CPU
		{B68C8188-99D4-4600-92A2-3AA8302E87B8}.Release|Any CPU.ActiveCfg = Release|Any CPU
		{B68C8188-99D4-4600-92A2-3AA8302E87B8}.Release|Any CPU.Build.0 = Release|Any CPU
		{B68C8188-99D4-4600-92A2-3AA8302E87B8}.Release|Mixed Platforms.ActiveCfg = Release|Any CPU
		{B68C8188-99D4-4600-92A2-3AA8302E87B8}.Release|Mixed Platforms.Build.0 = Release|Any CPU
		{B68C8188-99D4-4600-92A2-3AA8302E87B8}.Release|x64.ActiveCfg = Release|x64
		{B68C8188-99D4-4600-92A2-3AA8302E87B8}.Release|x64.Build.0 = Release|x64
		{552D83BC-0C52-4524-9EAE-D8E6AC30FD79}.Debug|.NET.ActiveCfg = Debug|Any CPU
		{552D83BC-0C52-4524-9EAE-D8E6AC30FD79}.Debug|Any CPU.ActiveCfg = Debug|Any CPU
		{552D83BC-0C52-4524-9EAE-D8E6AC30FD79}.Debug|Any CPU.Build.0 = Debug|Any CPU
		{552D83BC-0C52-4524-9EAE-D8E6AC30FD79}.Debug|Mixed Platforms.ActiveCfg = Debug|Any CPU
		{552D83BC-0C52-4524-9EAE-D8E6AC30FD79}.Debug|Mixed Platforms.Build.0 = Debug|Any CPU
		{552D83BC-0C52-4524-9EAE-D8E6AC30FD79}.Debug|x64.ActiveCfg = Debug|Any CPU
		{552D83BC-0C52-4524-9EAE-D8E6AC30FD79}.Development|.NET.ActiveCfg = Debug|Any CPU
		{552D83BC-0C52-4524-9EAE-D8E6AC30FD79}.Development|Any CPU.ActiveCfg = Debug|Any CPU
		{552D83BC-0C52-4524-9EAE-D8E6AC30FD79}.Development|Any CPU.Build.0 = Debug|Any CPU
		{552D83BC-0C52-4524-9EAE-D8E6AC30FD79}.Development|Mixed Platforms.ActiveCfg = Debug|Any CPU
		{552D83BC-0C52-4524-9EAE-D8E6AC30FD79}.Development|Mixed Platforms.Build.0 = Debug|Any CPU
		{552D83BC-0C52-4524-9EAE-D8E6AC30FD79}.Development|x64.ActiveCfg = Debug|Any CPU
		{552D83BC-0C52-4524-9EAE-D8E6AC30FD79}.Release|.NET.ActiveCfg = Release|Any CPU
		{552D83BC-0C52-4524-9EAE-D8E6AC30FD79}.Release|Any CPU.ActiveCfg = Release|Any CPU
		{552D83BC-0C52-4524-9EAE-D8E6AC30FD79}.Release|Any CPU.Build.0 = Release|Any CPU
		{552D83BC-0C52-4524-9EAE-D8E6AC30FD79}.Release|Mixed Platforms.ActiveCfg = Release|Any CPU
		{552D83BC-0C52-4524-9EAE-D8E6AC30FD79}.Release|Mixed Platforms.Build.0 = Release|Any CPU
		{552D83BC-0C52-4524-9EAE-D8E6AC30FD79}.Release|x64.ActiveCfg = Release|x64
		{552D83BC-0C52-4524-9EAE-D8E6AC30FD79}.Release|x64.Build.0 = Release|x64
		{568A7D8F-7522-44EC-AEEC-2E94C84250DB}.Debug|.NET.ActiveCfg = Debug|Any CPU
		{568A7D8F-7522-44EC-AEEC-2E94C84250DB}.Debug|Any CPU.ActiveCfg = Debug|Any CPU
		{568A7D8F-7522-44EC-AEEC-2E94C84250DB}.Debug|Any CPU.Build.0 = Debug|Any CPU
		{568A7D8F-7522-44EC-AEEC-2E94C84250DB}.Debug|Mixed Platforms.ActiveCfg = Debug|Any CPU
		{568A7D8F-7522-44EC-AEEC-2E94C84250DB}.Debug|Mixed Platforms.Build.0 = Debug|Any CPU
		{568A7D8F-7522-44EC-AEEC-2E94C84250DB}.Debug|x64.ActiveCfg = Debug|Any CPU
		{568A7D8F-7522-44EC-AEEC-2E94C84250DB}.Development|.NET.ActiveCfg = Debug|Any CPU
		{568A7D8F-7522-44EC-AEEC-2E94C84250DB}.Development|Any CPU.ActiveCfg = Debug|Any CPU
		{568A7D8F-7522-44EC-AEEC-2E94C84250DB}.Development|Any CPU.Build.0 = Debug|Any CPU
		{568A7D8F-7522-44EC-AEEC-2E94C84250DB}.Development|Mixed Platforms.ActiveCfg = Debug|Any CPU
		{568A7D8F-7522-44EC-AEEC-2E94C84250DB}.Development|Mixed Platforms.Build.0 = Debug|Any CPU
		{568A7D8F-7522-44EC-AEEC-2E94C84250DB}.Development|x64.ActiveCfg = Debug|Any CPU
		{568A7D8F-7522-44EC-AEEC-2E94C84250DB}.Release|.NET.ActiveCfg = Release|Any CPU
		{568A7D8F-7522-44EC-AEEC-2E94C84250DB}.Release|Any CPU.ActiveCfg = Release|Any CPU
		{568A7D8F-7522-44EC-AEEC-2E94C84250DB}.Release|Any CPU.Build.0 = Release|Any CPU
		{568A7D8F-7522-44EC-AEEC-2E94C84250DB}.Release|Mixed Platforms.ActiveCfg = Release|Any CPU
		{568A7D8F-7522-44EC-AEEC-2E94C84250DB}.Release|Mixed Platforms.Build.0 = Release|Any CPU
		{568A7D8F-7522-44EC-AEEC-2E94C84250DB}.Release|x64.ActiveCfg = Release|x64
		{568A7D8F-7522-44EC-AEEC-2E94C84250DB}.Release|x64.Build.0 = Release|x64
		{BE1DFFF2-42E5-49E8-8F15-360C53B07BDA}.Debug|.NET.ActiveCfg = Debug|Any CPU
		{BE1DFFF2-42E5-49E8-8F15-360C53B07BDA}.Debug|Any CPU.ActiveCfg = Debug|Any CPU
		{BE1DFFF2-42E5-49E8-8F15-360C53B07BDA}.Debug|Any CPU.Build.0 = Debug|Any CPU
		{BE1DFFF2-42E5-49E8-8F15-360C53B07BDA}.Debug|Mixed Platforms.ActiveCfg = Debug|Any CPU
		{BE1DFFF2-42E5-49E8-8F15-360C53B07BDA}.Debug|Mixed Platforms.Build.0 = Debug|Any CPU
		{BE1DFFF2-42E5-49E8-8F15-360C53B07BDA}.Debug|x64.ActiveCfg = Debug|x64
		{BE1DFFF2-42E5-49E8-8F15-360C53B07BDA}.Debug|x64.Build.0 = Debug|x64
		{BE1DFFF2-42E5-49E8-8F15-360C53B07BDA}.Development|.NET.ActiveCfg = Debug|Any CPU
		{BE1DFFF2-42E5-49E8-8F15-360C53B07BDA}.Development|Any CPU.ActiveCfg = Debug|Any CPU
		{BE1DFFF2-42E5-49E8-8F15-360C53B07BDA}.Development|Any CPU.Build.0 = Debug|Any CPU
		{BE1DFFF2-42E5-49E8-8F15-360C53B07BDA}.Development|Mixed Platforms.ActiveCfg = Debug|Any CPU
		{BE1DFFF2-42E5-49E8-8F15-360C53B07BDA}.Development|Mixed Platforms.Build.0 = Debug|Any CPU
		{BE1DFFF2-42E5-49E8-8F15-360C53B07BDA}.Development|x64.ActiveCfg = Debug|x64
		{BE1DFFF2-42E5-49E8-8F15-360C53B07BDA}.Development|x64.Build.0 = Debug|x64
		{BE1DFFF2-42E5-49E8-8F15-360C53B07BDA}.Release|.NET.ActiveCfg = Release|Any CPU
		{BE1DFFF2-42E5-49E8-8F15-360C53B07BDA}.Release|Any CPU.ActiveCfg = Release|Any CPU
		{BE1DFFF2-42E5-49E8-8F15-360C53B07BDA}.Release|Any CPU.Build.0 = Release|Any CPU
		{BE1DFFF2-42E5-49E8-8F15-360C53B07BDA}.Release|Mixed Platforms.ActiveCfg = Release|Any CPU
		{BE1DFFF2-42E5-49E8-8F15-360C53B07BDA}.Release|Mixed Platforms.Build.0 = Release|Any CPU
		{BE1DFFF2-42E5-49E8-8F15-360C53B07BDA}.Release|x64.ActiveCfg = Release|x64
		{BE1DFFF2-42E5-49E8-8F15-360C53B07BDA}.Release|x64.Build.0 = Release|x64
		{36A1FF15-5123-43B6-B05E-2DA7091B0C76}.Debug|.NET.ActiveCfg = Debug|Any CPU
		{36A1FF15-5123-43B6-B05E-2DA7091B0C76}.Debug|Any CPU.ActiveCfg = Debug|Any CPU
		{36A1FF15-5123-43B6-B05E-2DA7091B0C76}.Debug|Any CPU.Build.0 = Debug|Any CPU
		{36A1FF15-5123-43B6-B05E-2DA7091B0C76}.Debug|Mixed Platforms.ActiveCfg = Debug|Any CPU
		{36A1FF15-5123-43B6-B05E-2DA7091B0C76}.Debug|Mixed Platforms.Build.0 = Debug|Any CPU
		{36A1FF15-5123-43B6-B05E-2DA7091B0C76}.Debug|x64.ActiveCfg = Debug|Any CPU
		{36A1FF15-5123-43B6-B05E-2DA7091B0C76}.Development|.NET.ActiveCfg = Debug|Any CPU
		{36A1FF15-5123-43B6-B05E-2DA7091B0C76}.Development|Any CPU.ActiveCfg = Debug|Any CPU
		{36A1FF15-5123-43B6-B05E-2DA7091B0C76}.Development|Any CPU.Build.0 = Debug|Any CPU
		{36A1FF15-5123-43B6-B05E-2DA7091B0C76}.Development|Mixed Platforms.ActiveCfg = Debug|Any CPU
		{36A1FF15-5123-43B6-B05E-2DA7091B0C76}.Development|Mixed Platforms.Build.0 = Debug|Any CPU
		{36A1FF15-5123-43B6-B05E-2DA7091B0C76}.Development|x64.ActiveCfg = Debug|Any CPU
		{36A1FF15-5123-43B6-B05E-2DA7091B0C76}.Release|.NET.ActiveCfg = Release|Any CPU
		{36A1FF15-5123-43B6-B05E-2DA7091B0C76}.Release|Any CPU.ActiveCfg = Release|Any CPU
		{36A1FF15-5123-43B6-B05E-2DA7091B0C76}.Release|Any CPU.Build.0 = Release|Any CPU
		{36A1FF15-5123-43B6-B05E-2DA7091B0C76}.Release|Mixed Platforms.ActiveCfg = Release|Any CPU
		{36A1FF15-5123-43B6-B05E-2DA7091B0C76}.Release|Mixed Platforms.Build.0 = Release|Any CPU
		{36A1FF15-5123-43B6-B05E-2DA7091B0C76}.Release|x64.ActiveCfg = Release|x64
		{36A1FF15-5123-43B6-B05E-2DA7091B0C76}.Release|x64.Build.0 = Release|x64
		{E1F75E35-04CA-4073-9CEA-B3969C452561}.Debug|.NET.ActiveCfg = Debug|Any CPU
		{E1F75E35-04CA-4073-9CEA-B3969C452561}.Debug|Any CPU.ActiveCfg = Debug|Any CPU
		{E1F75E35-04CA-4073-9CEA-B3969C452561}.Debug|Any CPU.Build.0 = Debug|Any CPU
		{E1F75E35-04CA-4073-9CEA-B3969C452561}.Debug|Mixed Platforms.ActiveCfg = Debug|Any CPU
		{E1F75E35-04CA-4073-9CEA-B3969C452561}.Debug|Mixed Platforms.Build.0 = Debug|Any CPU
		{E1F75E35-04CA-4073-9CEA-B3969C452561}.Debug|x64.ActiveCfg = Debug|Any CPU
		{E1F75E35-04CA-4073-9CEA-B3969C452561}.Development|.NET.ActiveCfg = Debug|Any CPU
		{E1F75E35-04CA-4073-9CEA-B3969C452561}.Development|Any CPU.ActiveCfg = Debug|Any CPU
		{E1F75E35-04CA-4073-9CEA-B3969C452561}.Development|Any CPU.Build.0 = Debug|Any CPU
		{E1F75E35-04CA-4073-9CEA-B3969C452561}.Development|Mixed Platforms.ActiveCfg = Debug|Any CPU
		{E1F75E35-04CA-4073-9CEA-B3969C452561}.Development|Mixed Platforms.Build.0 = Debug|Any CPU
		{E1F75E35-04CA-4073-9CEA-B3969C452561}.Development|x64.ActiveCfg = Debug|Any CPU
		{E1F75E35-04CA-4073-9CEA-B3969C452561}.Release|.NET.ActiveCfg = Release|Any CPU
		{E1F75E35-04CA-4073-9CEA-B3969C452561}.Release|Any CPU.ActiveCfg = Release|Any CPU
		{E1F75E35-04CA-4073-9CEA-B3969C452561}.Release|Any CPU.Build.0 = Release|Any CPU
		{E1F75E35-04CA-4073-9CEA-B3969C452561}.Release|Mixed Platforms.ActiveCfg = Release|Any CPU
		{E1F75E35-04CA-4073-9CEA-B3969C452561}.Release|Mixed Platforms.Build.0 = Release|Any CPU
		{E1F75E35-04CA-4073-9CEA-B3969C452561}.Release|x64.ActiveCfg = Release|x64
		{E1F75E35-04CA-4073-9CEA-B3969C452561}.Release|x64.Build.0 = Release|x64
		{D8C11313-4444-40CC-B660-287E0CD07866}.Debug|.NET.ActiveCfg = Debug|Any CPU
		{D8C11313-4444-40CC-B660-287E0CD07866}.Debug|Any CPU.ActiveCfg = Debug|Any CPU
		{D8C11313-4444-40CC-B660-287E0CD07866}.Debug|Any CPU.Build.0 = Debug|Any CPU
		{D8C11313-4444-40CC-B660-287E0CD07866}.Debug|Mixed Platforms.ActiveCfg = Debug|Any CPU
		{D8C11313-4444-40CC-B660-287E0CD07866}.Debug|Mixed Platforms.Build.0 = Debug|Any CPU
		{D8C11313-4444-40CC-B660-287E0CD07866}.Debug|x64.ActiveCfg = Debug|Any CPU
		{D8C11313-4444-40CC-B660-287E0CD07866}.Development|.NET.ActiveCfg = Debug|Any CPU
		{D8C11313-4444-40CC-B660-287E0CD07866}.Development|Any CPU.ActiveCfg = Debug|Any CPU
		{D8C11313-4444-40CC-B660-287E0CD07866}.Development|Any CPU.Build.0 = Debug|Any CPU
		{D8C11313-4444-40CC-B660-287E0CD07866}.Development|Mixed Platforms.ActiveCfg = Debug|Any CPU
		{D8C11313-4444-40CC-B660-287E0CD07866}.Development|Mixed Platforms.Build.0 = Debug|Any CPU
		{D8C11313-4444-40CC-B660-287E0CD07866}.Development|x64.ActiveCfg = Debug|Any CPU
		{D8C11313-4444-40CC-B660-287E0CD07866}.Release|.NET.ActiveCfg = Release|Any CPU
		{D8C11313-4444-40CC-B660-287E0CD07866}.Release|Any CPU.ActiveCfg = Release|Any CPU
		{D8C11313-4444-40CC-B660-287E0CD07866}.Release|Any CPU.Build.0 = Release|Any CPU
		{D8C11313-4444-40CC-B660-287E0CD07866}.Release|Mixed Platforms.ActiveCfg = Release|Any CPU
		{D8C11313-4444-40CC-B660-287E0CD07866}.Release|Mixed Platforms.Build.0 = Release|Any CPU
		{D8C11313-4444-40CC-B660-287E0CD07866}.Release|x64.ActiveCfg = Release|x64
		{D8C11313-4444-40CC-B660-287E0CD07866}.Release|x64.Build.0 = Release|x64
		{55E5D84A-1D98-4C76-99DD-FBC4A2D316BF}.Debug|.NET.ActiveCfg = Debug|Any CPU
		{55E5D84A-1D98-4C76-99DD-FBC4A2D316BF}.Debug|.NET.Build.0 = Debug|Any CPU
		{55E5D84A-1D98-4C76-99DD-FBC4A2D316BF}.Debug|Any CPU.ActiveCfg = Debug|Any CPU
		{55E5D84A-1D98-4C76-99DD-FBC4A2D316BF}.Debug|Any CPU.Build.0 = Debug|Any CPU
		{55E5D84A-1D98-4C76-99DD-FBC4A2D316BF}.Debug|Mixed Platforms.ActiveCfg = Debug|Any CPU
		{55E5D84A-1D98-4C76-99DD-FBC4A2D316BF}.Debug|Mixed Platforms.Build.0 = Debug|Any CPU
		{55E5D84A-1D98-4C76-99DD-FBC4A2D316BF}.Debug|x64.ActiveCfg = Debug|Any CPU
		{55E5D84A-1D98-4C76-99DD-FBC4A2D316BF}.Debug|x64.Build.0 = Debug|Any CPU
		{55E5D84A-1D98-4C76-99DD-FBC4A2D316BF}.Development|.NET.ActiveCfg = Debug|Any CPU
		{55E5D84A-1D98-4C76-99DD-FBC4A2D316BF}.Development|.NET.Build.0 = Debug|Any CPU
		{55E5D84A-1D98-4C76-99DD-FBC4A2D316BF}.Development|Any CPU.ActiveCfg = Debug|Any CPU
		{55E5D84A-1D98-4C76-99DD-FBC4A2D316BF}.Development|Any CPU.Build.0 = Debug|Any CPU
		{55E5D84A-1D98-4C76-99DD-FBC4A2D316BF}.Development|Mixed Platforms.ActiveCfg = Debug|Any CPU
		{55E5D84A-1D98-4C76-99DD-FBC4A2D316BF}.Development|Mixed Platforms.Build.0 = Debug|Any CPU
		{55E5D84A-1D98-4C76-99DD-FBC4A2D316BF}.Development|x64.ActiveCfg = Debug|Any CPU
		{55E5D84A-1D98-4C76-99DD-FBC4A2D316BF}.Development|x64.Build.0 = Debug|Any CPU
		{55E5D84A-1D98-4C76-99DD-FBC4A2D316BF}.Release|.NET.ActiveCfg = Release|Any CPU
		{55E5D84A-1D98-4C76-99DD-FBC4A2D316BF}.Release|.NET.Build.0 = Release|Any CPU
		{55E5D84A-1D98-4C76-99DD-FBC4A2D316BF}.Release|Any CPU.ActiveCfg = Release|Any CPU
		{55E5D84A-1D98-4C76-99DD-FBC4A2D316BF}.Release|Any CPU.Build.0 = Release|Any CPU
		{55E5D84A-1D98-4C76-99DD-FBC4A2D316BF}.Release|Mixed Platforms.ActiveCfg = Release|Any CPU
		{55E5D84A-1D98-4C76-99DD-FBC4A2D316BF}.Release|Mixed Platforms.Build.0 = Release|Any CPU
		{55E5D84A-1D98-4C76-99DD-FBC4A2D316BF}.Release|x64.ActiveCfg = Release|x64
		{55E5D84A-1D98-4C76-99DD-FBC4A2D316BF}.Release|x64.Build.0 = Release|x64
		{1FC02F1D-F965-4170-B1E9-4C3DDE2B1DFE}.Debug|.NET.ActiveCfg = Debug|Any CPU
		{1FC02F1D-F965-4170-B1E9-4C3DDE2B1DFE}.Debug|.NET.Build.0 = Debug|Any CPU
		{1FC02F1D-F965-4170-B1E9-4C3DDE2B1DFE}.Debug|Any CPU.ActiveCfg = Debug|Any CPU
		{1FC02F1D-F965-4170-B1E9-4C3DDE2B1DFE}.Debug|Any CPU.Build.0 = Debug|Any CPU
		{1FC02F1D-F965-4170-B1E9-4C3DDE2B1DFE}.Debug|Mixed Platforms.ActiveCfg = Debug|Any CPU
		{1FC02F1D-F965-4170-B1E9-4C3DDE2B1DFE}.Debug|Mixed Platforms.Build.0 = Debug|Any CPU
		{1FC02F1D-F965-4170-B1E9-4C3DDE2B1DFE}.Debug|x64.ActiveCfg = Debug|Any CPU
		{1FC02F1D-F965-4170-B1E9-4C3DDE2B1DFE}.Debug|x64.Build.0 = Debug|Any CPU
		{1FC02F1D-F965-4170-B1E9-4C3DDE2B1DFE}.Development|.NET.ActiveCfg = Debug|Any CPU
		{1FC02F1D-F965-4170-B1E9-4C3DDE2B1DFE}.Development|.NET.Build.0 = Debug|Any CPU
		{1FC02F1D-F965-4170-B1E9-4C3DDE2B1DFE}.Development|Any CPU.ActiveCfg = Debug|Any CPU
		{1FC02F1D-F965-4170-B1E9-4C3DDE2B1DFE}.Development|Any CPU.Build.0 = Debug|Any CPU
		{1FC02F1D-F965-4170-B1E9-4C3DDE2B1DFE}.Development|Mixed Platforms.ActiveCfg = Debug|Any CPU
		{1FC02F1D-F965-4170-B1E9-4C3DDE2B1DFE}.Development|Mixed Platforms.Build.0 = Debug|Any CPU
		{1FC02F1D-F965-4170-B1E9-4C3DDE2B1DFE}.Development|x64.ActiveCfg = Debug|Any CPU
		{1FC02F1D-F965-4170-B1E9-4C3DDE2B1DFE}.Development|x64.Build.0 = Debug|Any CPU
		{1FC02F1D-F965-4170-B1E9-4C3DDE2B1DFE}.Release|.NET.ActiveCfg = Release|Any CPU
		{1FC02F1D-F965-4170-B1E9-4C3DDE2B1DFE}.Release|.NET.Build.0 = Release|Any CPU
		{1FC02F1D-F965-4170-B1E9-4C3DDE2B1DFE}.Release|Any CPU.ActiveCfg = Release|Any CPU
		{1FC02F1D-F965-4170-B1E9-4C3DDE2B1DFE}.Release|Any CPU.Build.0 = Release|Any CPU
		{1FC02F1D-F965-4170-B1E9-4C3DDE2B1DFE}.Release|Mixed Platforms.ActiveCfg = Release|Any CPU
		{1FC02F1D-F965-4170-B1E9-4C3DDE2B1DFE}.Release|Mixed Platforms.Build.0 = Release|Any CPU
		{1FC02F1D-F965-4170-B1E9-4C3DDE2B1DFE}.Release|x64.ActiveCfg = Release|x64
		{1FC02F1D-F965-4170-B1E9-4C3DDE2B1DFE}.Release|x64.Build.0 = Release|x64
		{4BFE53C9-DBCF-494C-A29F-738FDDB76D54}.Debug|.NET.ActiveCfg = Debug|Any CPU
		{4BFE53C9-DBCF-494C-A29F-738FDDB76D54}.Debug|.NET.Build.0 = Debug|Any CPU
		{4BFE53C9-DBCF-494C-A29F-738FDDB76D54}.Debug|Any CPU.ActiveCfg = Debug|Any CPU
		{4BFE53C9-DBCF-494C-A29F-738FDDB76D54}.Debug|Any CPU.Build.0 = Debug|Any CPU
		{4BFE53C9-DBCF-494C-A29F-738FDDB76D54}.Debug|Mixed Platforms.ActiveCfg = Debug|Any CPU
		{4BFE53C9-DBCF-494C-A29F-738FDDB76D54}.Debug|Mixed Platforms.Build.0 = Debug|Any CPU
		{4BFE53C9-DBCF-494C-A29F-738FDDB76D54}.Debug|x64.ActiveCfg = Debug|x64
		{4BFE53C9-DBCF-494C-A29F-738FDDB76D54}.Debug|x64.Build.0 = Debug|x64
		{4BFE53C9-DBCF-494C-A29F-738FDDB76D54}.Development|.NET.ActiveCfg = Debug|Any CPU
		{4BFE53C9-DBCF-494C-A29F-738FDDB76D54}.Development|.NET.Build.0 = Debug|Any CPU
		{4BFE53C9-DBCF-494C-A29F-738FDDB76D54}.Development|Any CPU.ActiveCfg = Debug|Any CPU
		{4BFE53C9-DBCF-494C-A29F-738FDDB76D54}.Development|Any CPU.Build.0 = Debug|Any CPU
		{4BFE53C9-DBCF-494C-A29F-738FDDB76D54}.Development|Mixed Platforms.ActiveCfg = Debug|Any CPU
		{4BFE53C9-DBCF-494C-A29F-738FDDB76D54}.Development|Mixed Platforms.Build.0 = Debug|Any CPU
		{4BFE53C9-DBCF-494C-A29F-738FDDB76D54}.Development|x64.ActiveCfg = Debug|x64
		{4BFE53C9-DBCF-494C-A29F-738FDDB76D54}.Development|x64.Build.0 = Debug|x64
		{4BFE53C9-DBCF-494C-A29F-738FDDB76D54}.Release|.NET.ActiveCfg = Release|Any CPU
		{4BFE53C9-DBCF-494C-A29F-738FDDB76D54}.Release|.NET.Build.0 = Release|Any CPU
		{4BFE53C9-DBCF-494C-A29F-738FDDB76D54}.Release|Any CPU.ActiveCfg = Release|Any CPU
		{4BFE53C9-DBCF-494C-A29F-738FDDB76D54}.Release|Any CPU.Build.0 = Release|Any CPU
		{4BFE53C9-DBCF-494C-A29F-738FDDB76D54}.Release|Mixed Platforms.ActiveCfg = Release|Any CPU
		{4BFE53C9-DBCF-494C-A29F-738FDDB76D54}.Release|Mixed Platforms.Build.0 = Release|Any CPU
		{4BFE53C9-DBCF-494C-A29F-738FDDB76D54}.Release|x64.ActiveCfg = Release|x64
		{4BFE53C9-DBCF-494C-A29F-738FDDB76D54}.Release|x64.Build.0 = Release|x64
		{E9D21987-D46A-4EB3-9625-6640FAE57AD1}.Debug|.NET.ActiveCfg = Debug|Any CPU
		{E9D21987-D46A-4EB3-9625-6640FAE57AD1}.Debug|.NET.Build.0 = Debug|Any CPU
		{E9D21987-D46A-4EB3-9625-6640FAE57AD1}.Debug|Any CPU.ActiveCfg = Debug|Any CPU
		{E9D21987-D46A-4EB3-9625-6640FAE57AD1}.Debug|Any CPU.Build.0 = Debug|Any CPU
		{E9D21987-D46A-4EB3-9625-6640FAE57AD1}.Debug|Mixed Platforms.ActiveCfg = Debug|Any CPU
		{E9D21987-D46A-4EB3-9625-6640FAE57AD1}.Debug|Mixed Platforms.Build.0 = Debug|Any CPU
		{E9D21987-D46A-4EB3-9625-6640FAE57AD1}.Debug|x64.ActiveCfg = Debug|Any CPU
		{E9D21987-D46A-4EB3-9625-6640FAE57AD1}.Debug|x64.Build.0 = Debug|Any CPU
		{E9D21987-D46A-4EB3-9625-6640FAE57AD1}.Development|.NET.ActiveCfg = Debug|Any CPU
		{E9D21987-D46A-4EB3-9625-6640FAE57AD1}.Development|.NET.Build.0 = Debug|Any CPU
		{E9D21987-D46A-4EB3-9625-6640FAE57AD1}.Development|Any CPU.ActiveCfg = Debug|Any CPU
		{E9D21987-D46A-4EB3-9625-6640FAE57AD1}.Development|Any CPU.Build.0 = Debug|Any CPU
		{E9D21987-D46A-4EB3-9625-6640FAE57AD1}.Development|Mixed Platforms.ActiveCfg = Debug|Any CPU
		{E9D21987-D46A-4EB3-9625-6640FAE57AD1}.Development|Mixed Platforms.Build.0 = Debug|Any CPU
		{E9D21987-D46A-4EB3-9625-6640FAE57AD1}.Development|x64.ActiveCfg = Debug|Any CPU
		{E9D21987-D46A-4EB3-9625-6640FAE57AD1}.Development|x64.Build.0 = Debug|Any CPU
		{E9D21987-D46A-4EB3-9625-6640FAE57AD1}.Release|.NET.ActiveCfg = Release|Any CPU
		{E9D21987-D46A-4EB3-9625-6640FAE57AD1}.Release|.NET.Build.0 = Release|Any CPU
		{E9D21987-D46A-4EB3-9625-6640FAE57AD1}.Release|Any CPU.ActiveCfg = Release|Any CPU
		{E9D21987-D46A-4EB3-9625-6640FAE57AD1}.Release|Any CPU.Build.0 = Release|Any CPU
		{E9D21987-D46A-4EB3-9625-6640FAE57AD1}.Release|Mixed Platforms.ActiveCfg = Release|Any CPU
		{E9D21987-D46A-4EB3-9625-6640FAE57AD1}.Release|Mixed Platforms.Build.0 = Release|Any CPU
		{E9D21987-D46A-4EB3-9625-6640FAE57AD1}.Release|x64.ActiveCfg = Release|Any CPU
		{E9D21987-D46A-4EB3-9625-6640FAE57AD1}.Release|x64.Build.0 = Release|Any CPU
		{DAFCDDC0-FBEC-4776-9FE9-61CEB806E9D4}.Debug|.NET.ActiveCfg = Debug|Any CPU
		{DAFCDDC0-FBEC-4776-9FE9-61CEB806E9D4}.Debug|.NET.Build.0 = Debug|Any CPU
		{DAFCDDC0-FBEC-4776-9FE9-61CEB806E9D4}.Debug|Any CPU.ActiveCfg = Debug|Any CPU
		{DAFCDDC0-FBEC-4776-9FE9-61CEB806E9D4}.Debug|Any CPU.Build.0 = Debug|Any CPU
		{DAFCDDC0-FBEC-4776-9FE9-61CEB806E9D4}.Debug|Mixed Platforms.ActiveCfg = Debug|Any CPU
		{DAFCDDC0-FBEC-4776-9FE9-61CEB806E9D4}.Debug|Mixed Platforms.Build.0 = Debug|Any CPU
		{DAFCDDC0-FBEC-4776-9FE9-61CEB806E9D4}.Debug|x64.ActiveCfg = Debug|Any CPU
		{DAFCDDC0-FBEC-4776-9FE9-61CEB806E9D4}.Debug|x64.Build.0 = Debug|Any CPU
		{DAFCDDC0-FBEC-4776-9FE9-61CEB806E9D4}.Development|.NET.ActiveCfg = Debug|Any CPU
		{DAFCDDC0-FBEC-4776-9FE9-61CEB806E9D4}.Development|.NET.Build.0 = Debug|Any CPU
		{DAFCDDC0-FBEC-4776-9FE9-61CEB806E9D4}.Development|Any CPU.ActiveCfg = Debug|Any CPU
		{DAFCDDC0-FBEC-4776-9FE9-61CEB806E9D4}.Development|Any CPU.Build.0 = Debug|Any CPU
		{DAFCDDC0-FBEC-4776-9FE9-61CEB806E9D4}.Development|Mixed Platforms.ActiveCfg = Debug|Any CPU
		{DAFCDDC0-FBEC-4776-9FE9-61CEB806E9D4}.Development|Mixed Platforms.Build.0 = Debug|Any CPU
		{DAFCDDC0-FBEC-4776-9FE9-61CEB806E9D4}.Development|x64.ActiveCfg = Debug|Any CPU
		{DAFCDDC0-FBEC-4776-9FE9-61CEB806E9D4}.Development|x64.Build.0 = Debug|Any CPU
		{DAFCDDC0-FBEC-4776-9FE9-61CEB806E9D4}.Release|.NET.ActiveCfg = Release|Any CPU
		{DAFCDDC0-FBEC-4776-9FE9-61CEB806E9D4}.Release|.NET.Build.0 = Release|Any CPU
		{DAFCDDC0-FBEC-4776-9FE9-61CEB806E9D4}.Release|Any CPU.ActiveCfg = Release|Any CPU
		{DAFCDDC0-FBEC-4776-9FE9-61CEB806E9D4}.Release|Any CPU.Build.0 = Release|Any CPU
		{DAFCDDC0-FBEC-4776-9FE9-61CEB806E9D4}.Release|Mixed Platforms.ActiveCfg = Release|Any CPU
		{DAFCDDC0-FBEC-4776-9FE9-61CEB806E9D4}.Release|Mixed Platforms.Build.0 = Release|Any CPU
		{DAFCDDC0-FBEC-4776-9FE9-61CEB806E9D4}.Release|x64.ActiveCfg = Release|Any CPU
		{DAFCDDC0-FBEC-4776-9FE9-61CEB806E9D4}.Release|x64.Build.0 = Release|Any CPU
	EndGlobalSection
	GlobalSection(SolutionProperties) = preSolution
		HideSolutionNode = FALSE
	EndGlobalSection
	GlobalSection(ExtensibilityGlobals) = postSolution
		SolutionGuid = {1B800855-0B00-47CA-B1D4-44E455CAD49B}
	EndGlobalSection
	GlobalSection(TeamFoundationVersionControl) = preSolution
		SccNumberOfProjects = 37
		SccEnterpriseProvider = {4CA58AB2-18FA-4F8D-95D4-32DDF27D184C}
		SccTeamFoundationServer = http://svr-db01:8080/tfs/defaultcollection
		SccProjectName0 = .
		SccAuxPath0 = http://svr-db01:8080/tfs/defaultcollection
		SccLocalPath0 = .
		SccProvider0 = {4CA58AB2-18FA-4F8D-95D4-32DDF27D184C}
		SccProjectUniqueName1 = Common\\Common.csproj
		SccProjectName1 = Common
		SccLocalPath1 = Common
		SccProjectUniqueName2 = Data\\Data.csproj
		SccProjectName2 = Data
		SccLocalPath2 = Data
		SccProjectUniqueName3 = WebControlLibrary\\WebControlLibrary.csproj
		SccProjectName3 = WebControlLibrary
		SccLocalPath3 = WebControlLibrary
		SccProjectUniqueName4 = Referentiel\\Referential.csproj
		SccProjectName4 = Referentiel
		SccLocalPath4 = Referentiel
		SccProjectUniqueName5 = ACommon\\ACommon.csproj
		SccProjectName5 = ACommon
		SccLocalPath5 = ACommon
		SccProjectUniqueName6 = Menu\\skmMenu.csproj
		SccProjectName6 = Menu
		SccLocalPath6 = Menu
		SccProjectUniqueName7 = DPAPI\\DPAPI.csproj
		SccProjectName7 = DPAPI
		SccLocalPath7 = DPAPI
		SccProjectUniqueName8 = HierarchicalGRid\\HierarchicalGrid.csproj
		SccProjectName8 = HierarchicalGRid
		SccLocalPath8 = HierarchicalGRid
		SccProjectUniqueName9 = XMLCompare\\XMLCompare.csproj
		SccProjectName9 = XMLCompare
		SccLocalPath9 = XMLCompare
		SccProjectUniqueName10 = FpMLGUI\\EfsMLGUI.csproj
		SccProjectName10 = FpMLGUI
		SccLocalPath10 = FpMLGUI
		SccProjectUniqueName11 = EfsML\\EfsML.csproj
		SccProjectName11 = EfsML
		SccLocalPath11 = EfsML
		SccProjectUniqueName12 = EFSInstall\\EFSInstall.csproj
		SccProjectName12 = EFSInstall
		SccLocalPath12 = EFSInstall
		SccProjectUniqueName13 = CommonWeb\\CommonWeb.csproj
		SccProjectName13 = CommonWeb
		SccLocalPath13 = CommonWeb
		SccProjectUniqueName14 = DALOracle\\DALOracle.csproj
		SccProjectName14 = DALOracle
		SccLocalPath14 = DALOracle
		SccProjectUniqueName15 = DALSqlServer\\DALSQLServer.csproj
		SccProjectName15 = DALSqlServer
		SccLocalPath15 = DALSqlServer
		SccProjectUniqueName16 = Curve\\Curve.csproj
		SccProjectName16 = Curve
		SccLocalPath16 = Curve
		SccProjectUniqueName17 = NumericalRecipes\\NumericalRecipes.csproj
		SccProjectName17 = NumericalRecipes
		SccLocalPath17 = NumericalRecipes
		SccProjectUniqueName18 = EfsMLEnum\\Enums.csproj
		SccProjectName18 = EfsMLEnum
		SccLocalPath18 = EfsMLEnum
		SccProjectUniqueName19 = CommonCaptureGen\\CommonCaptureGen.csproj
		SccProjectName19 = CommonCaptureGen
		SccLocalPath19 = CommonCaptureGen
		SccProjectUniqueName20 = EventCaptureGen\\EventCaptureGen.csproj
		SccProjectName20 = EventCaptureGen
		SccLocalPath20 = EventCaptureGen
		SccProjectUniqueName21 = TradeAdminCaptureGen\\TradeAdminCaptureGen.csproj
		SccProjectName21 = TradeAdminCaptureGen
		SccLocalPath21 = TradeAdminCaptureGen
		SccProjectUniqueName22 = TradeCaptureGen\\TradeCaptureGen.csproj
		SccProjectName22 = TradeCaptureGen
		SccLocalPath22 = TradeCaptureGen
		SccProjectUniqueName23 = FlyDocLibrary\\FlyDocLibrary.csproj
		SccProjectName23 = FlyDocLibrary
		SccLocalPath23 = FlyDocLibrary
		SccProjectUniqueName24 = CommonData\\CommonData.csproj
		SccProjectName24 = CommonData
		SccLocalPath24 = CommonData
		SccProjectUniqueName25 = DALOleDb\\DALOleDb.csproj
		SccProjectName25 = DALOleDb
		SccLocalPath25 = DALOleDb
		SccProjectUniqueName26 = FONet\\FONet.csproj
		SccProjectName26 = FONet
		SccLocalPath26 = FONet
		SccProjectUniqueName27 = SpheresResource\\SpheresResource.csproj
		SccProjectName27 = SpheresResource
		SccLocalPath27 = SpheresResource
		SccProjectUniqueName28 = SpheresWebApplication\\SpheresWebApplication.csproj
		SccProjectName28 = SpheresWebApplication
		SccLocalPath28 = SpheresWebApplication
		SccProjectUniqueName29 = TimeZone\\TimeZone.csproj
		SccProjectName29 = TimeZone
		SccLocalPath29 = TimeZone
		SccProjectUniqueName30 = TimeZoneWeb\\TimeZoneWeb.csproj
		SccProjectName30 = TimeZoneWeb
		SccLocalPath30 = TimeZoneWeb
		SccProjectUniqueName31 = CommonCSV\\CommonCSV.csproj
		SccProjectName31 = CommonCSV
		SccLocalPath31 = CommonCSV
		SccProjectUniqueName32 = LoggerClient\\LoggerClient.csproj
		SccProjectName32 = LoggerClient
		SccLocalPath32 = LoggerClient
		SccProjectUniqueName33 = ..\\SpheresServices\\LoggerService\\LoggerService.csproj
		SccProjectName33 = ../SpheresServices/LoggerService
		SccLocalPath33 = ..\\SpheresServices\\LoggerService
		SccProjectUniqueName34 = CommonLog\\CommonLog.csproj
		SccProjectName34 = CommonLog
		SccLocalPath34 = CommonLog
		SccProjectUniqueName35 = SyndicationFeed\\SyndicationFeed.csproj
		SccProjectName35 = SyndicationFeed
		SccLocalPath35 = SyndicationFeed
		SccProjectUniqueName36 = DALOracleManaged\\DALOracleManaged.csproj
		SccProjectName36 = DALOracleManaged
		SccLocalPath36 = DALOracleManaged
	EndGlobalSection
EndGlobal
